// !$*UTF8*$!
{
	archiveVersion = 1;
	classes = {
	};
	objectVersion = 55;
	objects = {

/* Begin PBXBuildFile section */
		01D7CD6E16131C0CB2A0C17B /* Pods_ShopifyTests.framework in Frameworks */ = {isa = PBXBuildFile; fileRef = E8A6E91121D8E3B2A96B8B05 /* Pods_ShopifyTests.framework */; };
		4AD674E6A03304039008B50A /* Pods_Shopify.framework in Frameworks */ = {isa = PBXBuildFile; fileRef = 5BF5DDE9B5B769EC0DF4C27E /* Pods_Shopify.framework */; };
		75165920285FE1C200132444 /* HomeVM.swift in Sources */ = {isa = PBXBuildFile; fileRef = 7516591F285FE1C200132444 /* HomeVM.swift */; };
		75165924285FEBA000132444 /* DataProviderProtocol.swift in Sources */ = {isa = PBXBuildFile; fileRef = 75165923285FEBA000132444 /* DataProviderProtocol.swift */; };
		7524F769285FDE4B00BFBE51 /* Helper.swift in Sources */ = {isa = PBXBuildFile; fileRef = 7524F768285FDE4B00BFBE51 /* Helper.swift */; };
		7524F76C285FDE6600BFBE51 /* SplashScreenVC.swift in Sources */ = {isa = PBXBuildFile; fileRef = 7524F76A285FDE6600BFBE51 /* SplashScreenVC.swift */; };
		7524F76D285FDE6600BFBE51 /* SplashScreenVC.xib in Resources */ = {isa = PBXBuildFile; fileRef = 7524F76B285FDE6600BFBE51 /* SplashScreenVC.xib */; };
		752796292860E68600381C89 /* HomeVC.swift in Sources */ = {isa = PBXBuildFile; fileRef = 752796272860E68600381C89 /* HomeVC.swift */; };
		7527962E2861106C00381C89 /* ProductDetailsVC.swift in Sources */ = {isa = PBXBuildFile; fileRef = 7527962C2861106C00381C89 /* ProductDetailsVC.swift */; };
		7527962F2861106D00381C89 /* ProductDetailsVC.xib in Resources */ = {isa = PBXBuildFile; fileRef = 7527962D2861106C00381C89 /* ProductDetailsVC.xib */; };
		7527963328612B1600381C89 /* ImageCollectionViewCell.swift in Sources */ = {isa = PBXBuildFile; fileRef = 7527963128612B1600381C89 /* ImageCollectionViewCell.swift */; };
		7527963428612B1600381C89 /* ImageCollectionViewCell.xib in Resources */ = {isa = PBXBuildFile; fileRef = 7527963228612B1600381C89 /* ImageCollectionViewCell.xib */; };
		75378E56285E4F16004DAD3D /* BaseNavBar.swift in Sources */ = {isa = PBXBuildFile; fileRef = 75378E55285E4F16004DAD3D /* BaseNavBar.swift */; };
		755C4653285E38F0005C4208 /* AppDelegate.swift in Sources */ = {isa = PBXBuildFile; fileRef = 755C4652285E38F0005C4208 /* AppDelegate.swift */; };
		755C4655285E38F0005C4208 /* SceneDelegate.swift in Sources */ = {isa = PBXBuildFile; fileRef = 755C4654285E38F0005C4208 /* SceneDelegate.swift */; };
		755C465F285E38F2005C4208 /* Assets.xcassets in Resources */ = {isa = PBXBuildFile; fileRef = 755C465E285E38F2005C4208 /* Assets.xcassets */; };
		755C4662285E38F2005C4208 /* LaunchScreen.storyboard in Resources */ = {isa = PBXBuildFile; fileRef = 755C4660285E38F2005C4208 /* LaunchScreen.storyboard */; };
		755C466D285E38F2005C4208 /* ShopifyTests.swift in Sources */ = {isa = PBXBuildFile; fileRef = 755C466C285E38F2005C4208 /* ShopifyTests.swift */; };
		755C4677285E38F2005C4208 /* ShopifyUITests.swift in Sources */ = {isa = PBXBuildFile; fileRef = 755C4676285E38F2005C4208 /* ShopifyUITests.swift */; };
		755C4679285E38F2005C4208 /* ShopifyUITestsLaunchTests.swift in Sources */ = {isa = PBXBuildFile; fileRef = 755C4678285E38F2005C4208 /* ShopifyUITestsLaunchTests.swift */; };
		755C468D285E39A4005C4208 /* CoreData.swift in Sources */ = {isa = PBXBuildFile; fileRef = 755C468B285E39A4005C4208 /* CoreData.swift */; };
		755C468E285E39A4005C4208 /* API.swift in Sources */ = {isa = PBXBuildFile; fileRef = 755C468C285E39A4005C4208 /* API.swift */; };
		755C4691285E4706005C4208 /* BaseTabBar.swift in Sources */ = {isa = PBXBuildFile; fileRef = 755C4690285E4706005C4208 /* BaseTabBar.swift */; };
		7576E2242862B63900022E69 /* LoginRegisterVC.swift in Sources */ = {isa = PBXBuildFile; fileRef = 7576E2222862B63900022E69 /* LoginRegisterVC.swift */; };
		7576E2252862B63900022E69 /* LoginRegisterVC.xib in Resources */ = {isa = PBXBuildFile; fileRef = 7576E2232862B63900022E69 /* LoginRegisterVC.xib */; };
		7576E22728633E7900022E69 /* LoginRegisterVM.swift in Sources */ = {isa = PBXBuildFile; fileRef = 7576E22628633E7900022E69 /* LoginRegisterVM.swift */; };
		7576E22928634E0900022E69 /* Customer.swift in Sources */ = {isa = PBXBuildFile; fileRef = 7576E22828634E0900022E69 /* Customer.swift */; };
		757DA7782865D41800CEBE56 /* MeVM.swift in Sources */ = {isa = PBXBuildFile; fileRef = 757DA7772865D41700CEBE56 /* MeVM.swift */; };
		7593F00328623A8C000BF315 /* MeVC.swift in Sources */ = {isa = PBXBuildFile; fileRef = 7593F00128623A8C000BF315 /* MeVC.swift */; };
		7593F00428623A8C000BF315 /* MeVC.xib in Resources */ = {isa = PBXBuildFile; fileRef = 7593F00228623A8C000BF315 /* MeVC.xib */; };
		7593F0082862503D000BF315 /* LabelTableViewCell.swift in Sources */ = {isa = PBXBuildFile; fileRef = 7593F0062862503D000BF315 /* LabelTableViewCell.swift */; };
		7593F0092862503D000BF315 /* LabelTableViewCell.xib in Resources */ = {isa = PBXBuildFile; fileRef = 7593F0072862503D000BF315 /* LabelTableViewCell.xib */; };
		759B531428627E1B0061474E /* ReviewsVC.swift in Sources */ = {isa = PBXBuildFile; fileRef = 759B531228627E1B0061474E /* ReviewsVC.swift */; };
		759B531528627E1B0061474E /* ReviewsVC.xib in Resources */ = {isa = PBXBuildFile; fileRef = 759B531328627E1B0061474E /* ReviewsVC.xib */; };
		759B531828627E790061474E /* ReviewsTableViewCell.swift in Sources */ = {isa = PBXBuildFile; fileRef = 759B531628627E790061474E /* ReviewsTableViewCell.swift */; };
		759B531928627E790061474E /* ReviewsTableViewCell.xib in Resources */ = {isa = PBXBuildFile; fileRef = 759B531728627E790061474E /* ReviewsTableViewCell.xib */; };
		75FE22982861F0270071039C /* ProductDetailsVM.swift in Sources */ = {isa = PBXBuildFile; fileRef = 75FE22972861F0270071039C /* ProductDetailsVM.swift */; };
		75FE229A2861F6650071039C /* ProductDetails.swift in Sources */ = {isa = PBXBuildFile; fileRef = 75FE22992861F6650071039C /* ProductDetails.swift */; };
		75FE229C2861FD160071039C /* Constants.swift in Sources */ = {isa = PBXBuildFile; fileRef = 75FE229B2861FD160071039C /* Constants.swift */; };
		76A3EF162863531F00A1DED7 /* Observable.swift in Sources */ = {isa = PBXBuildFile; fileRef = 76A3EF152863531F00A1DED7 /* Observable.swift */; };
		76A3EF172863531F00A1DED7 /* Observable.swift in Sources */ = {isa = PBXBuildFile; fileRef = 76A3EF152863531F00A1DED7 /* Observable.swift */; };
		76A3EF182863531F00A1DED7 /* Observable.swift in Sources */ = {isa = PBXBuildFile; fileRef = 76A3EF152863531F00A1DED7 /* Observable.swift */; };
		76A3EF1E286353D400A1DED7 /* CategoryVC.xib in Resources */ = {isa = PBXBuildFile; fileRef = 76A3EF1C286353D400A1DED7 /* CategoryVC.xib */; };
		76A3EF1F286353D400A1DED7 /* CategoryVC.xib in Resources */ = {isa = PBXBuildFile; fileRef = 76A3EF1C286353D400A1DED7 /* CategoryVC.xib */; };
		76A3EF20286353D400A1DED7 /* CategoryVC.xib in Resources */ = {isa = PBXBuildFile; fileRef = 76A3EF1C286353D400A1DED7 /* CategoryVC.xib */; };
		76A3EF21286353D400A1DED7 /* CategoryVC.swift in Sources */ = {isa = PBXBuildFile; fileRef = 76A3EF1D286353D400A1DED7 /* CategoryVC.swift */; };
		76A3EF22286353D400A1DED7 /* CategoryVC.swift in Sources */ = {isa = PBXBuildFile; fileRef = 76A3EF1D286353D400A1DED7 /* CategoryVC.swift */; };
		76A3EF23286353D400A1DED7 /* CategoryVC.swift in Sources */ = {isa = PBXBuildFile; fileRef = 76A3EF1D286353D400A1DED7 /* CategoryVC.swift */; };
		76A3EF26286353F700A1DED7 /* ProductCell.xib in Resources */ = {isa = PBXBuildFile; fileRef = 76A3EF24286353F700A1DED7 /* ProductCell.xib */; };
		76A3EF27286353F700A1DED7 /* ProductCell.xib in Resources */ = {isa = PBXBuildFile; fileRef = 76A3EF24286353F700A1DED7 /* ProductCell.xib */; };
		76A3EF28286353F700A1DED7 /* ProductCell.xib in Resources */ = {isa = PBXBuildFile; fileRef = 76A3EF24286353F700A1DED7 /* ProductCell.xib */; };
		76A3EF29286353F700A1DED7 /* ProductCell.swift in Sources */ = {isa = PBXBuildFile; fileRef = 76A3EF25286353F700A1DED7 /* ProductCell.swift */; };
		76A3EF2A286353F700A1DED7 /* ProductCell.swift in Sources */ = {isa = PBXBuildFile; fileRef = 76A3EF25286353F700A1DED7 /* ProductCell.swift */; };
		76A3EF2B286353F700A1DED7 /* ProductCell.swift in Sources */ = {isa = PBXBuildFile; fileRef = 76A3EF25286353F700A1DED7 /* ProductCell.swift */; };
		76A3EF2F2863542500A1DED7 /* MainCategoryCell.xib in Resources */ = {isa = PBXBuildFile; fileRef = 76A3EF2D2863542500A1DED7 /* MainCategoryCell.xib */; };
		76A3EF302863542500A1DED7 /* MainCategoryCell.xib in Resources */ = {isa = PBXBuildFile; fileRef = 76A3EF2D2863542500A1DED7 /* MainCategoryCell.xib */; };
		76A3EF312863542500A1DED7 /* MainCategoryCell.xib in Resources */ = {isa = PBXBuildFile; fileRef = 76A3EF2D2863542500A1DED7 /* MainCategoryCell.xib */; };
		76A3EF322863542500A1DED7 /* MainCategoryCell.swift in Sources */ = {isa = PBXBuildFile; fileRef = 76A3EF2E2863542500A1DED7 /* MainCategoryCell.swift */; };
		76A3EF332863542500A1DED7 /* MainCategoryCell.swift in Sources */ = {isa = PBXBuildFile; fileRef = 76A3EF2E2863542500A1DED7 /* MainCategoryCell.swift */; };
		76A3EF342863542500A1DED7 /* MainCategoryCell.swift in Sources */ = {isa = PBXBuildFile; fileRef = 76A3EF2E2863542500A1DED7 /* MainCategoryCell.swift */; };
		76A3EF372863543100A1DED7 /* SubCategoryCell.swift in Sources */ = {isa = PBXBuildFile; fileRef = 76A3EF352863543100A1DED7 /* SubCategoryCell.swift */; };
		76A3EF382863543100A1DED7 /* SubCategoryCell.swift in Sources */ = {isa = PBXBuildFile; fileRef = 76A3EF352863543100A1DED7 /* SubCategoryCell.swift */; };
		76A3EF392863543100A1DED7 /* SubCategoryCell.swift in Sources */ = {isa = PBXBuildFile; fileRef = 76A3EF352863543100A1DED7 /* SubCategoryCell.swift */; };
		76A3EF3A2863543100A1DED7 /* SubCategoryCell.xib in Resources */ = {isa = PBXBuildFile; fileRef = 76A3EF362863543100A1DED7 /* SubCategoryCell.xib */; };
		76A3EF3B2863543100A1DED7 /* SubCategoryCell.xib in Resources */ = {isa = PBXBuildFile; fileRef = 76A3EF362863543100A1DED7 /* SubCategoryCell.xib */; };
		76A3EF3C2863543100A1DED7 /* SubCategoryCell.xib in Resources */ = {isa = PBXBuildFile; fileRef = 76A3EF362863543100A1DED7 /* SubCategoryCell.xib */; };
		76A3EF3E2863549200A1DED7 /* HomeVC.xib in Resources */ = {isa = PBXBuildFile; fileRef = 76A3EF3D2863549200A1DED7 /* HomeVC.xib */; };
		76A3EF3F2863549200A1DED7 /* HomeVC.xib in Resources */ = {isa = PBXBuildFile; fileRef = 76A3EF3D2863549200A1DED7 /* HomeVC.xib */; };
		76A3EF402863549200A1DED7 /* HomeVC.xib in Resources */ = {isa = PBXBuildFile; fileRef = 76A3EF3D2863549200A1DED7 /* HomeVC.xib */; };
		76A3EF452863550600A1DED7 /* BrandCell.swift in Sources */ = {isa = PBXBuildFile; fileRef = 76A3EF432863550600A1DED7 /* BrandCell.swift */; };
		76A3EF462863550600A1DED7 /* BrandCell.swift in Sources */ = {isa = PBXBuildFile; fileRef = 76A3EF432863550600A1DED7 /* BrandCell.swift */; };
		76A3EF472863550600A1DED7 /* BrandCell.swift in Sources */ = {isa = PBXBuildFile; fileRef = 76A3EF432863550600A1DED7 /* BrandCell.swift */; };
		76A3EF482863550600A1DED7 /* BrandCell.xib in Resources */ = {isa = PBXBuildFile; fileRef = 76A3EF442863550600A1DED7 /* BrandCell.xib */; };
		76A3EF492863550600A1DED7 /* BrandCell.xib in Resources */ = {isa = PBXBuildFile; fileRef = 76A3EF442863550600A1DED7 /* BrandCell.xib */; };
		76A3EF4A2863550600A1DED7 /* BrandCell.xib in Resources */ = {isa = PBXBuildFile; fileRef = 76A3EF442863550600A1DED7 /* BrandCell.xib */; };
		76A3EF4D2863551100A1DED7 /* AdCell.swift in Sources */ = {isa = PBXBuildFile; fileRef = 76A3EF4B2863551100A1DED7 /* AdCell.swift */; };
		76A3EF4E2863551100A1DED7 /* AdCell.swift in Sources */ = {isa = PBXBuildFile; fileRef = 76A3EF4B2863551100A1DED7 /* AdCell.swift */; };
		76A3EF4F2863551100A1DED7 /* AdCell.swift in Sources */ = {isa = PBXBuildFile; fileRef = 76A3EF4B2863551100A1DED7 /* AdCell.swift */; };
		76A3EF502863551100A1DED7 /* AdCell.xib in Resources */ = {isa = PBXBuildFile; fileRef = 76A3EF4C2863551100A1DED7 /* AdCell.xib */; };
		76A3EF512863551100A1DED7 /* AdCell.xib in Resources */ = {isa = PBXBuildFile; fileRef = 76A3EF4C2863551100A1DED7 /* AdCell.xib */; };
		76A3EF522863551100A1DED7 /* AdCell.xib in Resources */ = {isa = PBXBuildFile; fileRef = 76A3EF4C2863551100A1DED7 /* AdCell.xib */; };
		76A3EF5428636A3B00A1DED7 /* Brands.swift in Sources */ = {isa = PBXBuildFile; fileRef = 76A3EF5328636A3B00A1DED7 /* Brands.swift */; };
		76A3EF58286381D500A1DED7 /* ProductsVC.swift in Sources */ = {isa = PBXBuildFile; fileRef = 76A3EF56286381D500A1DED7 /* ProductsVC.swift */; };
		76A3EF59286381D500A1DED7 /* ProductsVC.swift in Sources */ = {isa = PBXBuildFile; fileRef = 76A3EF56286381D500A1DED7 /* ProductsVC.swift */; };
		76A3EF5A286381D500A1DED7 /* ProductsVC.swift in Sources */ = {isa = PBXBuildFile; fileRef = 76A3EF56286381D500A1DED7 /* ProductsVC.swift */; };
		76A3EF5B286381D500A1DED7 /* ProductsVC.xib in Resources */ = {isa = PBXBuildFile; fileRef = 76A3EF57286381D500A1DED7 /* ProductsVC.xib */; };
		76A3EF5C286381D500A1DED7 /* ProductsVC.xib in Resources */ = {isa = PBXBuildFile; fileRef = 76A3EF57286381D500A1DED7 /* ProductsVC.xib */; };
		76A3EF5D286381D500A1DED7 /* ProductsVC.xib in Resources */ = {isa = PBXBuildFile; fileRef = 76A3EF57286381D500A1DED7 /* ProductsVC.xib */; };
		76A3EF632863ED6600A1DED7 /* ProductsVM.swift in Sources */ = {isa = PBXBuildFile; fileRef = 76A3EF622863ED6600A1DED7 /* ProductsVM.swift */; };
		76A3EF652865A02E00A1DED7 /* CategoryVM.swift in Sources */ = {isa = PBXBuildFile; fileRef = 76A3EF642865A02E00A1DED7 /* CategoryVM.swift */; };
		76A3EF672865EA1D00A1DED7 /* Categories.swift in Sources */ = {isa = PBXBuildFile; fileRef = 76A3EF662865EA1D00A1DED7 /* Categories.swift */; };
		76A3EF692867287A00A1DED7 /* Collects.swift in Sources */ = {isa = PBXBuildFile; fileRef = 76A3EF682867287A00A1DED7 /* Collects.swift */; };
		8D6CC57B286B51ED00310313 /* SettingVC.swift in Sources */ = {isa = PBXBuildFile; fileRef = 8D6CC579286B51ED00310313 /* SettingVC.swift */; };
		8D6CC57C286B51ED00310313 /* SettingVC.xib in Resources */ = {isa = PBXBuildFile; fileRef = 8D6CC57A286B51ED00310313 /* SettingVC.xib */; };
		8D6CC580286B52D100310313 /* SettingCell.swift in Sources */ = {isa = PBXBuildFile; fileRef = 8D6CC57E286B52D100310313 /* SettingCell.swift */; };
		8D6CC581286B52D100310313 /* SettingCell.xib in Resources */ = {isa = PBXBuildFile; fileRef = 8D6CC57F286B52D100310313 /* SettingCell.xib */; };
		8D6CC585286B7E8700310313 /* AddAddressVC.swift in Sources */ = {isa = PBXBuildFile; fileRef = 8D6CC583286B7E8700310313 /* AddAddressVC.swift */; };
		8D6CC586286B7E8700310313 /* AddAddressVC.xib in Resources */ = {isa = PBXBuildFile; fileRef = 8D6CC584286B7E8700310313 /* AddAddressVC.xib */; };
		8D6CC58A286B866300310313 /* AddressVC.swift in Sources */ = {isa = PBXBuildFile; fileRef = 8D6CC588286B866300310313 /* AddressVC.swift */; };
		8D6CC58B286B866300310313 /* AddressVC.xib in Resources */ = {isa = PBXBuildFile; fileRef = 8D6CC589286B866300310313 /* AddressVC.xib */; };
		8D6CC58D286B8ACF00310313 /* AddressVM.swift in Sources */ = {isa = PBXBuildFile; fileRef = 8D6CC58C286B8ACF00310313 /* AddressVM.swift */; };
		8D6CC590286B8D4B00310313 /* addressCell.swift in Sources */ = {isa = PBXBuildFile; fileRef = 8D6CC58E286B8D4B00310313 /* addressCell.swift */; };
		8D6CC591286B8D4B00310313 /* addressCell.xib in Resources */ = {isa = PBXBuildFile; fileRef = 8D6CC58F286B8D4B00310313 /* addressCell.xib */; };
		8D6CC594286B914500310313 /* Address.swift in Sources */ = {isa = PBXBuildFile; fileRef = 8D6CC593286B914500310313 /* Address.swift */; };
		8D6CC596286B966700310313 /* AddAddressVM.swift in Sources */ = {isa = PBXBuildFile; fileRef = 8D6CC595286B966700310313 /* AddAddressVM.swift */; };
		8D75C25D28648EA600ADC31A /* Alerts.swift in Sources */ = {isa = PBXBuildFile; fileRef = 8D75C25C28648EA600ADC31A /* Alerts.swift */; };
		8D9663192865DB86006188C9 /* ShoppingCartVM.swift in Sources */ = {isa = PBXBuildFile; fileRef = 8D9663182865DB86006188C9 /* ShoppingCartVM.swift */; };
		8D9854F12866E354004FF7F8 /* CoreDataProduct.swift in Sources */ = {isa = PBXBuildFile; fileRef = 8D9854F02866E354004FF7F8 /* CoreDataProduct.swift */; };
		8D9854F42866E844004FF7F8 /* ShopifyCoreData.xcdatamodeld in Sources */ = {isa = PBXBuildFile; fileRef = 8D9854F22866E844004FF7F8 /* ShopifyCoreData.xcdatamodeld */; };
		8DAF4FB128645093004DB212 /* DiscountCodes.swift in Sources */ = {isa = PBXBuildFile; fileRef = 8DAF4FB028645093004DB212 /* DiscountCodes.swift */; };
		8DAF4FB32864522F004DB212 /* CheckOutVM.swift in Sources */ = {isa = PBXBuildFile; fileRef = 8DAF4FB22864522F004DB212 /* CheckOutVM.swift */; };
		8DE87157286147FD00D239CF /* ShoppingCartVC.swift in Sources */ = {isa = PBXBuildFile; fileRef = 8DE87155286147FD00D239CF /* ShoppingCartVC.swift */; };
		8DE87158286147FD00D239CF /* ShoppingCartVC.xib in Resources */ = {isa = PBXBuildFile; fileRef = 8DE87156286147FD00D239CF /* ShoppingCartVC.xib */; };
		8DE8715C28614A5D00D239CF /* ShoppingCartCell.xib in Resources */ = {isa = PBXBuildFile; fileRef = 8DE8715A28614A5D00D239CF /* ShoppingCartCell.xib */; };
		8DE8715F28614C8200D239CF /* ShoppingCartCell.swift in Sources */ = {isa = PBXBuildFile; fileRef = 8DE8715E28614C8200D239CF /* ShoppingCartCell.swift */; };
		8DE8716228614F4D00D239CF /* UIButton.swift in Sources */ = {isa = PBXBuildFile; fileRef = 8DE8716128614F4D00D239CF /* UIButton.swift */; };
		8DFCF0552862AEEF007D30A0 /* CheckoutVC.swift in Sources */ = {isa = PBXBuildFile; fileRef = 8DFCF0532862AEEF007D30A0 /* CheckoutVC.swift */; };
		8DFCF0562862AEEF007D30A0 /* CheckoutVC.xib in Resources */ = {isa = PBXBuildFile; fileRef = 8DFCF0542862AEEF007D30A0 /* CheckoutVC.xib */; };
		8DFCF05A2862AF0C007D30A0 /* PaymentMethodCell.swift in Sources */ = {isa = PBXBuildFile; fileRef = 8DFCF0582862AF0C007D30A0 /* PaymentMethodCell.swift */; };
		8DFCF05B2862AF0C007D30A0 /* PaymentMethodCell.xib in Resources */ = {isa = PBXBuildFile; fileRef = 8DFCF0592862AF0C007D30A0 /* PaymentMethodCell.xib */; };
		8DFCF05D2862AF29007D30A0 /* UITextField.swift in Sources */ = {isa = PBXBuildFile; fileRef = 8DFCF05C2862AF29007D30A0 /* UITextField.swift */; };
		D189E7DF7783DF7A9DA2840B /* Pods_Shopify_ShopifyUITests.framework in Frameworks */ = {isa = PBXBuildFile; fileRef = FFA7BCE6E91C0EF1E08951F8 /* Pods_Shopify_ShopifyUITests.framework */; };
/* End PBXBuildFile section */

/* Begin PBXContainerItemProxy section */
		755C4669285E38F2005C4208 /* PBXContainerItemProxy */ = {
			isa = PBXContainerItemProxy;
			containerPortal = 755C4647285E38F0005C4208 /* Project object */;
			proxyType = 1;
			remoteGlobalIDString = 755C464E285E38F0005C4208;
			remoteInfo = Shopify;
		};
		755C4673285E38F2005C4208 /* PBXContainerItemProxy */ = {
			isa = PBXContainerItemProxy;
			containerPortal = 755C4647285E38F0005C4208 /* Project object */;
			proxyType = 1;
			remoteGlobalIDString = 755C464E285E38F0005C4208;
			remoteInfo = Shopify;
		};
/* End PBXContainerItemProxy section */

/* Begin PBXFileReference section */
		58FFC02BFBC947E06CBA94DA /* Pods-Shopify-ShopifyUITests.release.xcconfig */ = {isa = PBXFileReference; includeInIndex = 1; lastKnownFileType = text.xcconfig; name = "Pods-Shopify-ShopifyUITests.release.xcconfig"; path = "Target Support Files/Pods-Shopify-ShopifyUITests/Pods-Shopify-ShopifyUITests.release.xcconfig"; sourceTree = "<group>"; };
		5BF5DDE9B5B769EC0DF4C27E /* Pods_Shopify.framework */ = {isa = PBXFileReference; explicitFileType = wrapper.framework; includeInIndex = 0; path = Pods_Shopify.framework; sourceTree = BUILT_PRODUCTS_DIR; };
		7516591F285FE1C200132444 /* HomeVM.swift */ = {isa = PBXFileReference; lastKnownFileType = sourcecode.swift; path = HomeVM.swift; sourceTree = "<group>"; };
		75165923285FEBA000132444 /* DataProviderProtocol.swift */ = {isa = PBXFileReference; lastKnownFileType = sourcecode.swift; path = DataProviderProtocol.swift; sourceTree = "<group>"; };
		7524F768285FDE4B00BFBE51 /* Helper.swift */ = {isa = PBXFileReference; lastKnownFileType = sourcecode.swift; path = Helper.swift; sourceTree = "<group>"; };
		7524F76A285FDE6600BFBE51 /* SplashScreenVC.swift */ = {isa = PBXFileReference; lastKnownFileType = sourcecode.swift; path = SplashScreenVC.swift; sourceTree = "<group>"; };
		7524F76B285FDE6600BFBE51 /* SplashScreenVC.xib */ = {isa = PBXFileReference; lastKnownFileType = file.xib; path = SplashScreenVC.xib; sourceTree = "<group>"; };
		752796272860E68600381C89 /* HomeVC.swift */ = {isa = PBXFileReference; lastKnownFileType = sourcecode.swift; path = HomeVC.swift; sourceTree = "<group>"; };
		7527962C2861106C00381C89 /* ProductDetailsVC.swift */ = {isa = PBXFileReference; lastKnownFileType = sourcecode.swift; path = ProductDetailsVC.swift; sourceTree = "<group>"; };
		7527962D2861106C00381C89 /* ProductDetailsVC.xib */ = {isa = PBXFileReference; lastKnownFileType = file.xib; path = ProductDetailsVC.xib; sourceTree = "<group>"; };
		7527963128612B1600381C89 /* ImageCollectionViewCell.swift */ = {isa = PBXFileReference; lastKnownFileType = sourcecode.swift; path = ImageCollectionViewCell.swift; sourceTree = "<group>"; };
		7527963228612B1600381C89 /* ImageCollectionViewCell.xib */ = {isa = PBXFileReference; lastKnownFileType = file.xib; path = ImageCollectionViewCell.xib; sourceTree = "<group>"; };
		75378E55285E4F16004DAD3D /* BaseNavBar.swift */ = {isa = PBXFileReference; lastKnownFileType = sourcecode.swift; path = BaseNavBar.swift; sourceTree = "<group>"; };
		755C464F285E38F0005C4208 /* Shopify.app */ = {isa = PBXFileReference; explicitFileType = wrapper.application; includeInIndex = 0; path = Shopify.app; sourceTree = BUILT_PRODUCTS_DIR; };
		755C4652285E38F0005C4208 /* AppDelegate.swift */ = {isa = PBXFileReference; lastKnownFileType = sourcecode.swift; path = AppDelegate.swift; sourceTree = "<group>"; };
		755C4654285E38F0005C4208 /* SceneDelegate.swift */ = {isa = PBXFileReference; lastKnownFileType = sourcecode.swift; path = SceneDelegate.swift; sourceTree = "<group>"; };
		755C465E285E38F2005C4208 /* Assets.xcassets */ = {isa = PBXFileReference; lastKnownFileType = folder.assetcatalog; path = Assets.xcassets; sourceTree = "<group>"; };
		755C4661285E38F2005C4208 /* Base */ = {isa = PBXFileReference; lastKnownFileType = file.storyboard; name = Base; path = Base.lproj/LaunchScreen.storyboard; sourceTree = "<group>"; };
		755C4663285E38F2005C4208 /* Info.plist */ = {isa = PBXFileReference; lastKnownFileType = text.plist.xml; path = Info.plist; sourceTree = "<group>"; };
		755C4668285E38F2005C4208 /* ShopifyTests.xctest */ = {isa = PBXFileReference; explicitFileType = wrapper.cfbundle; includeInIndex = 0; path = ShopifyTests.xctest; sourceTree = BUILT_PRODUCTS_DIR; };
		755C466C285E38F2005C4208 /* ShopifyTests.swift */ = {isa = PBXFileReference; lastKnownFileType = sourcecode.swift; path = ShopifyTests.swift; sourceTree = "<group>"; };
		755C4672285E38F2005C4208 /* ShopifyUITests.xctest */ = {isa = PBXFileReference; explicitFileType = wrapper.cfbundle; includeInIndex = 0; path = ShopifyUITests.xctest; sourceTree = BUILT_PRODUCTS_DIR; };
		755C4676285E38F2005C4208 /* ShopifyUITests.swift */ = {isa = PBXFileReference; lastKnownFileType = sourcecode.swift; path = ShopifyUITests.swift; sourceTree = "<group>"; };
		755C4678285E38F2005C4208 /* ShopifyUITestsLaunchTests.swift */ = {isa = PBXFileReference; lastKnownFileType = sourcecode.swift; path = ShopifyUITestsLaunchTests.swift; sourceTree = "<group>"; };
		755C468B285E39A4005C4208 /* CoreData.swift */ = {isa = PBXFileReference; fileEncoding = 4; lastKnownFileType = sourcecode.swift; path = CoreData.swift; sourceTree = "<group>"; };
		755C468C285E39A4005C4208 /* API.swift */ = {isa = PBXFileReference; fileEncoding = 4; lastKnownFileType = sourcecode.swift; path = API.swift; sourceTree = "<group>"; };
		755C4690285E4706005C4208 /* BaseTabBar.swift */ = {isa = PBXFileReference; fileEncoding = 4; lastKnownFileType = sourcecode.swift; path = BaseTabBar.swift; sourceTree = "<group>"; };
		7576E2222862B63900022E69 /* LoginRegisterVC.swift */ = {isa = PBXFileReference; lastKnownFileType = sourcecode.swift; path = LoginRegisterVC.swift; sourceTree = "<group>"; };
		7576E2232862B63900022E69 /* LoginRegisterVC.xib */ = {isa = PBXFileReference; lastKnownFileType = file.xib; path = LoginRegisterVC.xib; sourceTree = "<group>"; };
		7576E22628633E7900022E69 /* LoginRegisterVM.swift */ = {isa = PBXFileReference; lastKnownFileType = sourcecode.swift; path = LoginRegisterVM.swift; sourceTree = "<group>"; };
		7576E22828634E0900022E69 /* Customer.swift */ = {isa = PBXFileReference; lastKnownFileType = sourcecode.swift; path = Customer.swift; sourceTree = "<group>"; };
		757DA7772865D41700CEBE56 /* MeVM.swift */ = {isa = PBXFileReference; lastKnownFileType = sourcecode.swift; path = MeVM.swift; sourceTree = "<group>"; };
		7593F00128623A8C000BF315 /* MeVC.swift */ = {isa = PBXFileReference; lastKnownFileType = sourcecode.swift; path = MeVC.swift; sourceTree = "<group>"; };
		7593F00228623A8C000BF315 /* MeVC.xib */ = {isa = PBXFileReference; lastKnownFileType = file.xib; path = MeVC.xib; sourceTree = "<group>"; };
		7593F0062862503D000BF315 /* LabelTableViewCell.swift */ = {isa = PBXFileReference; lastKnownFileType = sourcecode.swift; path = LabelTableViewCell.swift; sourceTree = "<group>"; };
		7593F0072862503D000BF315 /* LabelTableViewCell.xib */ = {isa = PBXFileReference; lastKnownFileType = file.xib; path = LabelTableViewCell.xib; sourceTree = "<group>"; };
		759B531228627E1B0061474E /* ReviewsVC.swift */ = {isa = PBXFileReference; lastKnownFileType = sourcecode.swift; path = ReviewsVC.swift; sourceTree = "<group>"; };
		759B531328627E1B0061474E /* ReviewsVC.xib */ = {isa = PBXFileReference; lastKnownFileType = file.xib; path = ReviewsVC.xib; sourceTree = "<group>"; };
		759B531628627E790061474E /* ReviewsTableViewCell.swift */ = {isa = PBXFileReference; lastKnownFileType = sourcecode.swift; path = ReviewsTableViewCell.swift; sourceTree = "<group>"; };
		759B531728627E790061474E /* ReviewsTableViewCell.xib */ = {isa = PBXFileReference; lastKnownFileType = file.xib; path = ReviewsTableViewCell.xib; sourceTree = "<group>"; };
		75FE22972861F0270071039C /* ProductDetailsVM.swift */ = {isa = PBXFileReference; lastKnownFileType = sourcecode.swift; path = ProductDetailsVM.swift; sourceTree = "<group>"; };
		75FE22992861F6650071039C /* ProductDetails.swift */ = {isa = PBXFileReference; lastKnownFileType = sourcecode.swift; path = ProductDetails.swift; sourceTree = "<group>"; };
		75FE229B2861FD160071039C /* Constants.swift */ = {isa = PBXFileReference; lastKnownFileType = sourcecode.swift; path = Constants.swift; sourceTree = "<group>"; };
		76A3EF152863531F00A1DED7 /* Observable.swift */ = {isa = PBXFileReference; fileEncoding = 4; lastKnownFileType = sourcecode.swift; path = Observable.swift; sourceTree = "<group>"; };
		76A3EF1C286353D400A1DED7 /* CategoryVC.xib */ = {isa = PBXFileReference; fileEncoding = 4; lastKnownFileType = file.xib; path = CategoryVC.xib; sourceTree = "<group>"; };
		76A3EF1D286353D400A1DED7 /* CategoryVC.swift */ = {isa = PBXFileReference; fileEncoding = 4; lastKnownFileType = sourcecode.swift; path = CategoryVC.swift; sourceTree = "<group>"; };
		76A3EF24286353F700A1DED7 /* ProductCell.xib */ = {isa = PBXFileReference; fileEncoding = 4; lastKnownFileType = file.xib; path = ProductCell.xib; sourceTree = "<group>"; };
		76A3EF25286353F700A1DED7 /* ProductCell.swift */ = {isa = PBXFileReference; fileEncoding = 4; lastKnownFileType = sourcecode.swift; path = ProductCell.swift; sourceTree = "<group>"; };
		76A3EF2D2863542500A1DED7 /* MainCategoryCell.xib */ = {isa = PBXFileReference; fileEncoding = 4; lastKnownFileType = file.xib; path = MainCategoryCell.xib; sourceTree = "<group>"; };
		76A3EF2E2863542500A1DED7 /* MainCategoryCell.swift */ = {isa = PBXFileReference; fileEncoding = 4; lastKnownFileType = sourcecode.swift; path = MainCategoryCell.swift; sourceTree = "<group>"; };
		76A3EF352863543100A1DED7 /* SubCategoryCell.swift */ = {isa = PBXFileReference; fileEncoding = 4; lastKnownFileType = sourcecode.swift; path = SubCategoryCell.swift; sourceTree = "<group>"; };
		76A3EF362863543100A1DED7 /* SubCategoryCell.xib */ = {isa = PBXFileReference; fileEncoding = 4; lastKnownFileType = file.xib; path = SubCategoryCell.xib; sourceTree = "<group>"; };
		76A3EF3D2863549200A1DED7 /* HomeVC.xib */ = {isa = PBXFileReference; fileEncoding = 4; lastKnownFileType = file.xib; path = HomeVC.xib; sourceTree = "<group>"; };
		76A3EF432863550600A1DED7 /* BrandCell.swift */ = {isa = PBXFileReference; fileEncoding = 4; lastKnownFileType = sourcecode.swift; path = BrandCell.swift; sourceTree = "<group>"; };
		76A3EF442863550600A1DED7 /* BrandCell.xib */ = {isa = PBXFileReference; fileEncoding = 4; lastKnownFileType = file.xib; path = BrandCell.xib; sourceTree = "<group>"; };
		76A3EF4B2863551100A1DED7 /* AdCell.swift */ = {isa = PBXFileReference; fileEncoding = 4; lastKnownFileType = sourcecode.swift; path = AdCell.swift; sourceTree = "<group>"; };
		76A3EF4C2863551100A1DED7 /* AdCell.xib */ = {isa = PBXFileReference; fileEncoding = 4; lastKnownFileType = file.xib; path = AdCell.xib; sourceTree = "<group>"; };
		76A3EF5328636A3B00A1DED7 /* Brands.swift */ = {isa = PBXFileReference; lastKnownFileType = sourcecode.swift; path = Brands.swift; sourceTree = "<group>"; };
		76A3EF56286381D500A1DED7 /* ProductsVC.swift */ = {isa = PBXFileReference; lastKnownFileType = sourcecode.swift; path = ProductsVC.swift; sourceTree = "<group>"; };
		76A3EF57286381D500A1DED7 /* ProductsVC.xib */ = {isa = PBXFileReference; lastKnownFileType = file.xib; path = ProductsVC.xib; sourceTree = "<group>"; };
		76A3EF622863ED6600A1DED7 /* ProductsVM.swift */ = {isa = PBXFileReference; lastKnownFileType = sourcecode.swift; path = ProductsVM.swift; sourceTree = "<group>"; };
		76A3EF642865A02E00A1DED7 /* CategoryVM.swift */ = {isa = PBXFileReference; lastKnownFileType = sourcecode.swift; path = CategoryVM.swift; sourceTree = "<group>"; };
		76A3EF662865EA1D00A1DED7 /* Categories.swift */ = {isa = PBXFileReference; lastKnownFileType = sourcecode.swift; path = Categories.swift; sourceTree = "<group>"; };
		76A3EF682867287A00A1DED7 /* Collects.swift */ = {isa = PBXFileReference; lastKnownFileType = sourcecode.swift; path = Collects.swift; sourceTree = "<group>"; };
		8D6CC579286B51ED00310313 /* SettingVC.swift */ = {isa = PBXFileReference; lastKnownFileType = sourcecode.swift; path = SettingVC.swift; sourceTree = "<group>"; };
		8D6CC57A286B51ED00310313 /* SettingVC.xib */ = {isa = PBXFileReference; lastKnownFileType = file.xib; path = SettingVC.xib; sourceTree = "<group>"; };
		8D6CC57E286B52D100310313 /* SettingCell.swift */ = {isa = PBXFileReference; lastKnownFileType = sourcecode.swift; path = SettingCell.swift; sourceTree = "<group>"; };
		8D6CC57F286B52D100310313 /* SettingCell.xib */ = {isa = PBXFileReference; lastKnownFileType = file.xib; path = SettingCell.xib; sourceTree = "<group>"; };
		8D6CC583286B7E8700310313 /* AddAddressVC.swift */ = {isa = PBXFileReference; lastKnownFileType = sourcecode.swift; path = AddAddressVC.swift; sourceTree = "<group>"; };
		8D6CC584286B7E8700310313 /* AddAddressVC.xib */ = {isa = PBXFileReference; lastKnownFileType = file.xib; path = AddAddressVC.xib; sourceTree = "<group>"; };
		8D6CC588286B866300310313 /* AddressVC.swift */ = {isa = PBXFileReference; lastKnownFileType = sourcecode.swift; path = AddressVC.swift; sourceTree = "<group>"; };
		8D6CC589286B866300310313 /* AddressVC.xib */ = {isa = PBXFileReference; lastKnownFileType = file.xib; path = AddressVC.xib; sourceTree = "<group>"; };
		8D6CC58C286B8ACF00310313 /* AddressVM.swift */ = {isa = PBXFileReference; lastKnownFileType = sourcecode.swift; path = AddressVM.swift; sourceTree = "<group>"; };
		8D6CC58E286B8D4B00310313 /* addressCell.swift */ = {isa = PBXFileReference; lastKnownFileType = sourcecode.swift; path = addressCell.swift; sourceTree = "<group>"; };
		8D6CC58F286B8D4B00310313 /* addressCell.xib */ = {isa = PBXFileReference; lastKnownFileType = file.xib; path = addressCell.xib; sourceTree = "<group>"; };
		8D6CC593286B914500310313 /* Address.swift */ = {isa = PBXFileReference; lastKnownFileType = sourcecode.swift; path = Address.swift; sourceTree = "<group>"; };
		8D6CC595286B966700310313 /* AddAddressVM.swift */ = {isa = PBXFileReference; lastKnownFileType = sourcecode.swift; path = AddAddressVM.swift; sourceTree = "<group>"; };
		8D75C25C28648EA600ADC31A /* Alerts.swift */ = {isa = PBXFileReference; lastKnownFileType = sourcecode.swift; path = Alerts.swift; sourceTree = "<group>"; };
		8D9663182865DB86006188C9 /* ShoppingCartVM.swift */ = {isa = PBXFileReference; lastKnownFileType = sourcecode.swift; path = ShoppingCartVM.swift; sourceTree = "<group>"; };
		8D9854F02866E354004FF7F8 /* CoreDataProduct.swift */ = {isa = PBXFileReference; lastKnownFileType = sourcecode.swift; path = CoreDataProduct.swift; sourceTree = "<group>"; };
		8D9854F32866E844004FF7F8 /* ShopifyCoreData.xcdatamodel */ = {isa = PBXFileReference; lastKnownFileType = wrapper.xcdatamodel; path = ShopifyCoreData.xcdatamodel; sourceTree = "<group>"; };
		8DAF4FB028645093004DB212 /* DiscountCodes.swift */ = {isa = PBXFileReference; lastKnownFileType = sourcecode.swift; path = DiscountCodes.swift; sourceTree = "<group>"; };
		8DAF4FB22864522F004DB212 /* CheckOutVM.swift */ = {isa = PBXFileReference; lastKnownFileType = sourcecode.swift; path = CheckOutVM.swift; sourceTree = "<group>"; };
		8DE87155286147FD00D239CF /* ShoppingCartVC.swift */ = {isa = PBXFileReference; lastKnownFileType = sourcecode.swift; path = ShoppingCartVC.swift; sourceTree = "<group>"; };
		8DE87156286147FD00D239CF /* ShoppingCartVC.xib */ = {isa = PBXFileReference; lastKnownFileType = file.xib; path = ShoppingCartVC.xib; sourceTree = "<group>"; };
		8DE8715A28614A5D00D239CF /* ShoppingCartCell.xib */ = {isa = PBXFileReference; lastKnownFileType = file.xib; path = ShoppingCartCell.xib; sourceTree = "<group>"; };
		8DE8715E28614C8200D239CF /* ShoppingCartCell.swift */ = {isa = PBXFileReference; lastKnownFileType = sourcecode.swift; path = ShoppingCartCell.swift; sourceTree = "<group>"; };
		8DE8716128614F4D00D239CF /* UIButton.swift */ = {isa = PBXFileReference; lastKnownFileType = sourcecode.swift; path = UIButton.swift; sourceTree = "<group>"; };
		8DFCF0532862AEEF007D30A0 /* CheckoutVC.swift */ = {isa = PBXFileReference; fileEncoding = 4; lastKnownFileType = sourcecode.swift; path = CheckoutVC.swift; sourceTree = "<group>"; };
		8DFCF0542862AEEF007D30A0 /* CheckoutVC.xib */ = {isa = PBXFileReference; fileEncoding = 4; lastKnownFileType = file.xib; path = CheckoutVC.xib; sourceTree = "<group>"; };
		8DFCF0582862AF0C007D30A0 /* PaymentMethodCell.swift */ = {isa = PBXFileReference; fileEncoding = 4; lastKnownFileType = sourcecode.swift; path = PaymentMethodCell.swift; sourceTree = "<group>"; };
		8DFCF0592862AF0C007D30A0 /* PaymentMethodCell.xib */ = {isa = PBXFileReference; fileEncoding = 4; lastKnownFileType = file.xib; path = PaymentMethodCell.xib; sourceTree = "<group>"; };
		8DFCF05C2862AF29007D30A0 /* UITextField.swift */ = {isa = PBXFileReference; fileEncoding = 4; lastKnownFileType = sourcecode.swift; path = UITextField.swift; sourceTree = "<group>"; };
		99F911BEE75DB031FF952520 /* Pods-ShopifyTests.debug.xcconfig */ = {isa = PBXFileReference; includeInIndex = 1; lastKnownFileType = text.xcconfig; name = "Pods-ShopifyTests.debug.xcconfig"; path = "Target Support Files/Pods-ShopifyTests/Pods-ShopifyTests.debug.xcconfig"; sourceTree = "<group>"; };
		BEFF1774B64A4A0B5CA5921E /* Pods-Shopify.debug.xcconfig */ = {isa = PBXFileReference; includeInIndex = 1; lastKnownFileType = text.xcconfig; name = "Pods-Shopify.debug.xcconfig"; path = "Target Support Files/Pods-Shopify/Pods-Shopify.debug.xcconfig"; sourceTree = "<group>"; };
		CC33050E9B5BAC8197CDEB78 /* Pods-Shopify-ShopifyUITests.debug.xcconfig */ = {isa = PBXFileReference; includeInIndex = 1; lastKnownFileType = text.xcconfig; name = "Pods-Shopify-ShopifyUITests.debug.xcconfig"; path = "Target Support Files/Pods-Shopify-ShopifyUITests/Pods-Shopify-ShopifyUITests.debug.xcconfig"; sourceTree = "<group>"; };
		DA5AE895D0AE7082D455554C /* Pods-Shopify.release.xcconfig */ = {isa = PBXFileReference; includeInIndex = 1; lastKnownFileType = text.xcconfig; name = "Pods-Shopify.release.xcconfig"; path = "Target Support Files/Pods-Shopify/Pods-Shopify.release.xcconfig"; sourceTree = "<group>"; };
		E8A6E91121D8E3B2A96B8B05 /* Pods_ShopifyTests.framework */ = {isa = PBXFileReference; explicitFileType = wrapper.framework; includeInIndex = 0; path = Pods_ShopifyTests.framework; sourceTree = BUILT_PRODUCTS_DIR; };
		F1C4778E8DC2B1AC9E28C699 /* Pods-ShopifyTests.release.xcconfig */ = {isa = PBXFileReference; includeInIndex = 1; lastKnownFileType = text.xcconfig; name = "Pods-ShopifyTests.release.xcconfig"; path = "Target Support Files/Pods-ShopifyTests/Pods-ShopifyTests.release.xcconfig"; sourceTree = "<group>"; };
		FFA7BCE6E91C0EF1E08951F8 /* Pods_Shopify_ShopifyUITests.framework */ = {isa = PBXFileReference; explicitFileType = wrapper.framework; includeInIndex = 0; path = Pods_Shopify_ShopifyUITests.framework; sourceTree = BUILT_PRODUCTS_DIR; };
/* End PBXFileReference section */

/* Begin PBXFrameworksBuildPhase section */
		755C464C285E38F0005C4208 /* Frameworks */ = {
			isa = PBXFrameworksBuildPhase;
			buildActionMask = 2147483647;
			files = (
				4AD674E6A03304039008B50A /* Pods_Shopify.framework in Frameworks */,
			);
			runOnlyForDeploymentPostprocessing = 0;
		};
		755C4665285E38F2005C4208 /* Frameworks */ = {
			isa = PBXFrameworksBuildPhase;
			buildActionMask = 2147483647;
			files = (
				01D7CD6E16131C0CB2A0C17B /* Pods_ShopifyTests.framework in Frameworks */,
			);
			runOnlyForDeploymentPostprocessing = 0;
		};
		755C466F285E38F2005C4208 /* Frameworks */ = {
			isa = PBXFrameworksBuildPhase;
			buildActionMask = 2147483647;
			files = (
				D189E7DF7783DF7A9DA2840B /* Pods_Shopify_ShopifyUITests.framework in Frameworks */,
			);
			runOnlyForDeploymentPostprocessing = 0;
		};
/* End PBXFrameworksBuildPhase section */

/* Begin PBXGroup section */
		1D31F496D08187A81CFB1EDA /* Frameworks */ = {
			isa = PBXGroup;
			children = (
				5BF5DDE9B5B769EC0DF4C27E /* Pods_Shopify.framework */,
				FFA7BCE6E91C0EF1E08951F8 /* Pods_Shopify_ShopifyUITests.framework */,
				E8A6E91121D8E3B2A96B8B05 /* Pods_ShopifyTests.framework */,
			);
			name = Frameworks;
			sourceTree = "<group>";
		};
		7516591E285FE1AB00132444 /* ViewModel */ = {
			isa = PBXGroup;
			children = (
				7516591F285FE1C200132444 /* HomeVM.swift */,
				76A3EF622863ED6600A1DED7 /* ProductsVM.swift */,
				75FE22972861F0270071039C /* ProductDetailsVM.swift */,
				76A3EF642865A02E00A1DED7 /* CategoryVM.swift */,
				7576E22628633E7900022E69 /* LoginRegisterVM.swift */,
				8DAF4FB22864522F004DB212 /* CheckOutVM.swift */,
				757DA7772865D41700CEBE56 /* MeVM.swift */,
				8D9663182865DB86006188C9 /* ShoppingCartVM.swift */,
				8D6CC58C286B8ACF00310313 /* AddressVM.swift */,
				8D6CC595286B966700310313 /* AddAddressVM.swift */,
			);
			path = ViewModel;
			sourceTree = "<group>";
		};
		752796262860E64900381C89 /* Home */ = {
			isa = PBXGroup;
			children = (
				752796272860E68600381C89 /* HomeVC.swift */,
				76A3EF3D2863549200A1DED7 /* HomeVC.xib */,
				76A3EF42286354CC00A1DED7 /* BrandCell */,
				76A3EF41286354BF00A1DED7 /* AdCell */,
			);
			path = Home;
			sourceTree = "<group>";
		};
		7527962B2861104600381C89 /* ProductDetailsVC */ = {
			isa = PBXGroup;
			children = (
				7527962C2861106C00381C89 /* ProductDetailsVC.swift */,
				7527962D2861106C00381C89 /* ProductDetailsVC.xib */,
			);
			path = ProductDetailsVC;
			sourceTree = "<group>";
		};
		7527963028612AD200381C89 /* Common */ = {
			isa = PBXGroup;
			children = (
				76A3EF1A2863537600A1DED7 /* ProductCell */,
				7527963128612B1600381C89 /* ImageCollectionViewCell.swift */,
				7527963228612B1600381C89 /* ImageCollectionViewCell.xib */,
				7593F0062862503D000BF315 /* LabelTableViewCell.swift */,
				7593F0072862503D000BF315 /* LabelTableViewCell.xib */,
			);
			path = Common;
			sourceTree = "<group>";
		};
		755C4646285E38F0005C4208 = {
			isa = PBXGroup;
			children = (
				755C4651285E38F0005C4208 /* Shopify */,
				755C466B285E38F2005C4208 /* ShopifyTests */,
				755C4675285E38F2005C4208 /* ShopifyUITests */,
				755C4650285E38F0005C4208 /* Products */,
				B1D779DA725B7CF48FE423E6 /* Pods */,
				1D31F496D08187A81CFB1EDA /* Frameworks */,
			);
			sourceTree = "<group>";
		};
		755C4650285E38F0005C4208 /* Products */ = {
			isa = PBXGroup;
			children = (
				755C464F285E38F0005C4208 /* Shopify.app */,
				755C4668285E38F2005C4208 /* ShopifyTests.xctest */,
				755C4672285E38F2005C4208 /* ShopifyUITests.xctest */,
			);
			name = Products;
			sourceTree = "<group>";
		};
		755C4651285E38F0005C4208 /* Shopify */ = {
			isa = PBXGroup;
			children = (
				755C4685285E38FC005C4208 /* AppDelegates */,
				8DE8716028614F2B00D239CF /* Extentions */,
				755C468A285E3955005C4208 /* Helper */,
				755C4689285E394C005C4208 /* Services */,
				755C4688285E393E005C4208 /* Model */,
				755C4687285E3935005C4208 /* View */,
				755C4660285E38F2005C4208 /* LaunchScreen.storyboard */,
				7516591E285FE1AB00132444 /* ViewModel */,
				755C465E285E38F2005C4208 /* Assets.xcassets */,
				755C4663285E38F2005C4208 /* Info.plist */,
			);
			path = Shopify;
			sourceTree = "<group>";
		};
		755C466B285E38F2005C4208 /* ShopifyTests */ = {
			isa = PBXGroup;
			children = (
				755C466C285E38F2005C4208 /* ShopifyTests.swift */,
			);
			path = ShopifyTests;
			sourceTree = "<group>";
		};
		755C4675285E38F2005C4208 /* ShopifyUITests */ = {
			isa = PBXGroup;
			children = (
				755C4676285E38F2005C4208 /* ShopifyUITests.swift */,
				755C4678285E38F2005C4208 /* ShopifyUITestsLaunchTests.swift */,
			);
			path = ShopifyUITests;
			sourceTree = "<group>";
		};
		755C4685285E38FC005C4208 /* AppDelegates */ = {
			isa = PBXGroup;
			children = (
				755C4654285E38F0005C4208 /* SceneDelegate.swift */,
				755C4652285E38F0005C4208 /* AppDelegate.swift */,
			);
			path = AppDelegates;
			sourceTree = "<group>";
		};
		755C4687285E3935005C4208 /* View */ = {
			isa = PBXGroup;
			children = (
				8D6CC587286B863300310313 /* Add Address */,
				8D6CC582286B7E6A00310313 /* Address */,
				8D6CC578286B51CC00310313 /* Setting */,
				755C468F285E46F9005C4208 /* Base */,
				752796262860E64900381C89 /* Home */,
				76A3EF55286381A500A1DED7 /* Products */,
				7527962B2861104600381C89 /* ProductDetailsVC */,
				759B530928627B700061474E /* ReviewsVC */,
				76A3EF192863536C00A1DED7 /* Category */,
				7593F00028623A6B000BF315 /* MeVC */,
				7576E2212862B61200022E69 /* LoginRegisterVC */,
				8DE87154286147C300D239CF /* ShoppingCartVC */,
				8DFCF0522862AECD007D30A0 /* CheckoutVC */,
				755C4692285E472D005C4208 /* SplashScreen */,
				7527963028612AD200381C89 /* Common */,
			);
			path = View;
			sourceTree = "<group>";
		};
		755C4688285E393E005C4208 /* Model */ = {
			isa = PBXGroup;
			children = (
				8D9854F22866E844004FF7F8 /* ShopifyCoreData.xcdatamodeld */,
				75FE22992861F6650071039C /* ProductDetails.swift */,
				76A3EF5328636A3B00A1DED7 /* Brands.swift */,
				7576E22828634E0900022E69 /* Customer.swift */,
				8DAF4FB028645093004DB212 /* DiscountCodes.swift */,
				76A3EF662865EA1D00A1DED7 /* Categories.swift */,
				76A3EF682867287A00A1DED7 /* Collects.swift */,
				8D9854F02866E354004FF7F8 /* CoreDataProduct.swift */,
				8D6CC593286B914500310313 /* Address.swift */,
			);
			path = Model;
			sourceTree = "<group>";
		};
		755C4689285E394C005C4208 /* Services */ = {
			isa = PBXGroup;
			children = (
				755C468C285E39A4005C4208 /* API.swift */,
				75165923285FEBA000132444 /* DataProviderProtocol.swift */,
				755C468B285E39A4005C4208 /* CoreData.swift */,
			);
			path = Services;
			sourceTree = "<group>";
		};
		755C468A285E3955005C4208 /* Helper */ = {
			isa = PBXGroup;
			children = (
				7524F768285FDE4B00BFBE51 /* Helper.swift */,
				75FE229B2861FD160071039C /* Constants.swift */,
				76A3EF152863531F00A1DED7 /* Observable.swift */,
				8D75C25C28648EA600ADC31A /* Alerts.swift */,
			);
			path = Helper;
			sourceTree = "<group>";
		};
		755C468F285E46F9005C4208 /* Base */ = {
			isa = PBXGroup;
			children = (
				755C4690285E4706005C4208 /* BaseTabBar.swift */,
				75378E55285E4F16004DAD3D /* BaseNavBar.swift */,
			);
			path = Base;
			sourceTree = "<group>";
		};
		755C4692285E472D005C4208 /* SplashScreen */ = {
			isa = PBXGroup;
			children = (
				7524F76A285FDE6600BFBE51 /* SplashScreenVC.swift */,
				7524F76B285FDE6600BFBE51 /* SplashScreenVC.xib */,
			);
			path = SplashScreen;
			sourceTree = "<group>";
		};
		7576E2212862B61200022E69 /* LoginRegisterVC */ = {
			isa = PBXGroup;
			children = (
				7576E2222862B63900022E69 /* LoginRegisterVC.swift */,
				7576E2232862B63900022E69 /* LoginRegisterVC.xib */,
			);
			path = LoginRegisterVC;
			sourceTree = "<group>";
		};
		7593F00028623A6B000BF315 /* MeVC */ = {
			isa = PBXGroup;
			children = (
				7593F00128623A8C000BF315 /* MeVC.swift */,
				7593F00228623A8C000BF315 /* MeVC.xib */,
			);
			path = MeVC;
			sourceTree = "<group>";
		};
		759B530928627B700061474E /* ReviewsVC */ = {
			isa = PBXGroup;
			children = (
				759B531228627E1B0061474E /* ReviewsVC.swift */,
				759B531328627E1B0061474E /* ReviewsVC.xib */,
				759B531628627E790061474E /* ReviewsTableViewCell.swift */,
				759B531728627E790061474E /* ReviewsTableViewCell.xib */,
			);
			path = ReviewsVC;
			sourceTree = "<group>";
		};
		76A3EF192863536C00A1DED7 /* Category */ = {
			isa = PBXGroup;
			children = (
				76A3EF1D286353D400A1DED7 /* CategoryVC.swift */,
				76A3EF1C286353D400A1DED7 /* CategoryVC.xib */,
				76A3EF2C2863540B00A1DED7 /* SubCategoryCell */,
				76A3EF1B286353BA00A1DED7 /* MainCategoryCell */,
			);
			path = Category;
			sourceTree = "<group>";
		};
		76A3EF1A2863537600A1DED7 /* ProductCell */ = {
			isa = PBXGroup;
			children = (
				76A3EF25286353F700A1DED7 /* ProductCell.swift */,
				76A3EF24286353F700A1DED7 /* ProductCell.xib */,
			);
			path = ProductCell;
			sourceTree = "<group>";
		};
		76A3EF1B286353BA00A1DED7 /* MainCategoryCell */ = {
			isa = PBXGroup;
			children = (
				76A3EF2E2863542500A1DED7 /* MainCategoryCell.swift */,
				76A3EF2D2863542500A1DED7 /* MainCategoryCell.xib */,
			);
			path = MainCategoryCell;
			sourceTree = "<group>";
		};
		76A3EF2C2863540B00A1DED7 /* SubCategoryCell */ = {
			isa = PBXGroup;
			children = (
				76A3EF352863543100A1DED7 /* SubCategoryCell.swift */,
				76A3EF362863543100A1DED7 /* SubCategoryCell.xib */,
			);
			path = SubCategoryCell;
			sourceTree = "<group>";
		};
		76A3EF41286354BF00A1DED7 /* AdCell */ = {
			isa = PBXGroup;
			children = (
				76A3EF4B2863551100A1DED7 /* AdCell.swift */,
				76A3EF4C2863551100A1DED7 /* AdCell.xib */,
			);
			path = AdCell;
			sourceTree = "<group>";
		};
		76A3EF42286354CC00A1DED7 /* BrandCell */ = {
			isa = PBXGroup;
			children = (
				76A3EF432863550600A1DED7 /* BrandCell.swift */,
				76A3EF442863550600A1DED7 /* BrandCell.xib */,
			);
			path = BrandCell;
			sourceTree = "<group>";
		};
		76A3EF55286381A500A1DED7 /* Products */ = {
			isa = PBXGroup;
			children = (
				76A3EF56286381D500A1DED7 /* ProductsVC.swift */,
				76A3EF57286381D500A1DED7 /* ProductsVC.xib */,
			);
			path = Products;
			sourceTree = "<group>";
		};
		8D6CC578286B51CC00310313 /* Setting */ = {
			isa = PBXGroup;
			children = (
				8D6CC579286B51ED00310313 /* SettingVC.swift */,
				8D6CC57A286B51ED00310313 /* SettingVC.xib */,
				8D6CC57D286B52B200310313 /* SettingCell */,
			);
			path = Setting;
			sourceTree = "<group>";
		};
		8D6CC57D286B52B200310313 /* SettingCell */ = {
			isa = PBXGroup;
			children = (
				8D6CC57E286B52D100310313 /* SettingCell.swift */,
				8D6CC57F286B52D100310313 /* SettingCell.xib */,
			);
			path = SettingCell;
			sourceTree = "<group>";
		};
		8D6CC582286B7E6A00310313 /* Address */ = {
			isa = PBXGroup;
			children = (
				8D6CC588286B866300310313 /* AddressVC.swift */,
				8D6CC589286B866300310313 /* AddressVC.xib */,
				8D6CC592286B8D5600310313 /* AddressCell */,
			);
			path = Address;
			sourceTree = "<group>";
		};
		8D6CC587286B863300310313 /* Add Address */ = {
			isa = PBXGroup;
			children = (
				8D6CC583286B7E8700310313 /* AddAddressVC.swift */,
				8D6CC584286B7E8700310313 /* AddAddressVC.xib */,
			);
			path = "Add Address";
			sourceTree = "<group>";
		};
		8D6CC592286B8D5600310313 /* AddressCell */ = {
			isa = PBXGroup;
			children = (
				8D6CC58E286B8D4B00310313 /* addressCell.swift */,
				8D6CC58F286B8D4B00310313 /* addressCell.xib */,
			);
			path = AddressCell;
			sourceTree = "<group>";
		};
		8DE87154286147C300D239CF /* ShoppingCartVC */ = {
			isa = PBXGroup;
			children = (
				8DE87155286147FD00D239CF /* ShoppingCartVC.swift */,
				8DE87156286147FD00D239CF /* ShoppingCartVC.xib */,
				8DE8715D28614A6900D239CF /* ShoppingCartCell */,
			);
			path = ShoppingCartVC;
			sourceTree = "<group>";
		};
		8DE8715D28614A6900D239CF /* ShoppingCartCell */ = {
			isa = PBXGroup;
			children = (
				8DE8715E28614C8200D239CF /* ShoppingCartCell.swift */,
				8DE8715A28614A5D00D239CF /* ShoppingCartCell.xib */,
			);
			path = ShoppingCartCell;
			sourceTree = "<group>";
		};
		8DE8716028614F2B00D239CF /* Extentions */ = {
			isa = PBXGroup;
			children = (
				8DE8716128614F4D00D239CF /* UIButton.swift */,
				8DFCF05C2862AF29007D30A0 /* UITextField.swift */,
			);
			path = Extentions;
			sourceTree = "<group>";
		};
		8DFCF0522862AECD007D30A0 /* CheckoutVC */ = {
			isa = PBXGroup;
			children = (
				8DFCF0532862AEEF007D30A0 /* CheckoutVC.swift */,
				8DFCF0542862AEEF007D30A0 /* CheckoutVC.xib */,
				8DFCF0572862AF01007D30A0 /* paymentMethodCell */,
			);
			path = CheckoutVC;
			sourceTree = "<group>";
		};
		8DFCF0572862AF01007D30A0 /* paymentMethodCell */ = {
			isa = PBXGroup;
			children = (
				8DFCF0582862AF0C007D30A0 /* PaymentMethodCell.swift */,
				8DFCF0592862AF0C007D30A0 /* PaymentMethodCell.xib */,
			);
			path = paymentMethodCell;
			sourceTree = "<group>";
		};
		B1D779DA725B7CF48FE423E6 /* Pods */ = {
			isa = PBXGroup;
			children = (
				BEFF1774B64A4A0B5CA5921E /* Pods-Shopify.debug.xcconfig */,
				DA5AE895D0AE7082D455554C /* Pods-Shopify.release.xcconfig */,
				CC33050E9B5BAC8197CDEB78 /* Pods-Shopify-ShopifyUITests.debug.xcconfig */,
				58FFC02BFBC947E06CBA94DA /* Pods-Shopify-ShopifyUITests.release.xcconfig */,
				99F911BEE75DB031FF952520 /* Pods-ShopifyTests.debug.xcconfig */,
				F1C4778E8DC2B1AC9E28C699 /* Pods-ShopifyTests.release.xcconfig */,
			);
			path = Pods;
			sourceTree = "<group>";
		};
/* End PBXGroup section */

/* Begin PBXNativeTarget section */
		755C464E285E38F0005C4208 /* Shopify */ = {
			isa = PBXNativeTarget;
			buildConfigurationList = 755C467C285E38F2005C4208 /* Build configuration list for PBXNativeTarget "Shopify" */;
			buildPhases = (
				4A9FD0C7AEA4722F7E805A04 /* [CP] Check Pods Manifest.lock */,
				755C464B285E38F0005C4208 /* Sources */,
				755C464C285E38F0005C4208 /* Frameworks */,
				755C464D285E38F0005C4208 /* Resources */,
				18CCD540D9E829731941DC01 /* [CP] Embed Pods Frameworks */,
			);
			buildRules = (
			);
			dependencies = (
			);
			name = Shopify;
			productName = Shopify;
			productReference = 755C464F285E38F0005C4208 /* Shopify.app */;
			productType = "com.apple.product-type.application";
		};
		755C4667285E38F2005C4208 /* ShopifyTests */ = {
			isa = PBXNativeTarget;
			buildConfigurationList = 755C467F285E38F2005C4208 /* Build configuration list for PBXNativeTarget "ShopifyTests" */;
			buildPhases = (
				5053FA9F18C34841F62BA4C7 /* [CP] Check Pods Manifest.lock */,
				755C4664285E38F2005C4208 /* Sources */,
				755C4665285E38F2005C4208 /* Frameworks */,
				755C4666285E38F2005C4208 /* Resources */,
			);
			buildRules = (
			);
			dependencies = (
				755C466A285E38F2005C4208 /* PBXTargetDependency */,
			);
			name = ShopifyTests;
			productName = ShopifyTests;
			productReference = 755C4668285E38F2005C4208 /* ShopifyTests.xctest */;
			productType = "com.apple.product-type.bundle.unit-test";
		};
		755C4671285E38F2005C4208 /* ShopifyUITests */ = {
			isa = PBXNativeTarget;
			buildConfigurationList = 755C4682285E38F2005C4208 /* Build configuration list for PBXNativeTarget "ShopifyUITests" */;
			buildPhases = (
				E9475F655CDFDBFE92BFC86B /* [CP] Check Pods Manifest.lock */,
				755C466E285E38F2005C4208 /* Sources */,
				755C466F285E38F2005C4208 /* Frameworks */,
				755C4670285E38F2005C4208 /* Resources */,
				4AFFAD3406D6F3CBDD7781DA /* [CP] Embed Pods Frameworks */,
			);
			buildRules = (
			);
			dependencies = (
				755C4674285E38F2005C4208 /* PBXTargetDependency */,
			);
			name = ShopifyUITests;
			productName = ShopifyUITests;
			productReference = 755C4672285E38F2005C4208 /* ShopifyUITests.xctest */;
			productType = "com.apple.product-type.bundle.ui-testing";
		};
/* End PBXNativeTarget section */

/* Begin PBXProject section */
		755C4647285E38F0005C4208 /* Project object */ = {
			isa = PBXProject;
			attributes = {
				BuildIndependentTargetsInParallel = 1;
				LastSwiftUpdateCheck = 1310;
				LastUpgradeCheck = 1310;
				TargetAttributes = {
					755C464E285E38F0005C4208 = {
						CreatedOnToolsVersion = 13.1;
					};
					755C4667285E38F2005C4208 = {
						CreatedOnToolsVersion = 13.1;
						TestTargetID = 755C464E285E38F0005C4208;
					};
					755C4671285E38F2005C4208 = {
						CreatedOnToolsVersion = 13.1;
						TestTargetID = 755C464E285E38F0005C4208;
					};
				};
			};
			buildConfigurationList = 755C464A285E38F0005C4208 /* Build configuration list for PBXProject "Shopify" */;
			compatibilityVersion = "Xcode 13.0";
			developmentRegion = en;
			hasScannedForEncodings = 0;
			knownRegions = (
				en,
				Base,
			);
			mainGroup = 755C4646285E38F0005C4208;
			productRefGroup = 755C4650285E38F0005C4208 /* Products */;
			projectDirPath = "";
			projectRoot = "";
			targets = (
				755C464E285E38F0005C4208 /* Shopify */,
				755C4667285E38F2005C4208 /* ShopifyTests */,
				755C4671285E38F2005C4208 /* ShopifyUITests */,
			);
		};
/* End PBXProject section */

/* Begin PBXResourcesBuildPhase section */
		755C464D285E38F0005C4208 /* Resources */ = {
			isa = PBXResourcesBuildPhase;
			buildActionMask = 2147483647;
			files = (
				7527962F2861106D00381C89 /* ProductDetailsVC.xib in Resources */,
				759B531928627E790061474E /* ReviewsTableViewCell.xib in Resources */,
				8D6CC586286B7E8700310313 /* AddAddressVC.xib in Resources */,
				76A3EF5B286381D500A1DED7 /* ProductsVC.xib in Resources */,
				8D6CC57C286B51ED00310313 /* SettingVC.xib in Resources */,
				8D6CC591286B8D4B00310313 /* addressCell.xib in Resources */,
				755C4662285E38F2005C4208 /* LaunchScreen.storyboard in Resources */,
				8DFCF0562862AEEF007D30A0 /* CheckoutVC.xib in Resources */,
				8DE8715C28614A5D00D239CF /* ShoppingCartCell.xib in Resources */,
				76A3EF1E286353D400A1DED7 /* CategoryVC.xib in Resources */,
				7593F00428623A8C000BF315 /* MeVC.xib in Resources */,
				76A3EF2F2863542500A1DED7 /* MainCategoryCell.xib in Resources */,
				8D6CC58B286B866300310313 /* AddressVC.xib in Resources */,
				76A3EF3A2863543100A1DED7 /* SubCategoryCell.xib in Resources */,
				76A3EF482863550600A1DED7 /* BrandCell.xib in Resources */,
				7576E2252862B63900022E69 /* LoginRegisterVC.xib in Resources */,
				8D6CC581286B52D100310313 /* SettingCell.xib in Resources */,
				76A3EF26286353F700A1DED7 /* ProductCell.xib in Resources */,
				76A3EF502863551100A1DED7 /* AdCell.xib in Resources */,
				755C465F285E38F2005C4208 /* Assets.xcassets in Resources */,
				759B531528627E1B0061474E /* ReviewsVC.xib in Resources */,
				8DFCF05B2862AF0C007D30A0 /* PaymentMethodCell.xib in Resources */,
				7593F0092862503D000BF315 /* LabelTableViewCell.xib in Resources */,
				7527963428612B1600381C89 /* ImageCollectionViewCell.xib in Resources */,
				76A3EF3E2863549200A1DED7 /* HomeVC.xib in Resources */,
				7524F76D285FDE6600BFBE51 /* SplashScreenVC.xib in Resources */,
				8DE87158286147FD00D239CF /* ShoppingCartVC.xib in Resources */,
			);
			runOnlyForDeploymentPostprocessing = 0;
		};
		755C4666285E38F2005C4208 /* Resources */ = {
			isa = PBXResourcesBuildPhase;
			buildActionMask = 2147483647;
			files = (
				76A3EF3B2863543100A1DED7 /* SubCategoryCell.xib in Resources */,
				76A3EF492863550600A1DED7 /* BrandCell.xib in Resources */,
				76A3EF1F286353D400A1DED7 /* CategoryVC.xib in Resources */,
				76A3EF3F2863549200A1DED7 /* HomeVC.xib in Resources */,
				76A3EF5C286381D500A1DED7 /* ProductsVC.xib in Resources */,
				76A3EF27286353F700A1DED7 /* ProductCell.xib in Resources */,
				76A3EF512863551100A1DED7 /* AdCell.xib in Resources */,
				76A3EF302863542500A1DED7 /* MainCategoryCell.xib in Resources */,
			);
			runOnlyForDeploymentPostprocessing = 0;
		};
		755C4670285E38F2005C4208 /* Resources */ = {
			isa = PBXResourcesBuildPhase;
			buildActionMask = 2147483647;
			files = (
				76A3EF3C2863543100A1DED7 /* SubCategoryCell.xib in Resources */,
				76A3EF4A2863550600A1DED7 /* BrandCell.xib in Resources */,
				76A3EF20286353D400A1DED7 /* CategoryVC.xib in Resources */,
				76A3EF402863549200A1DED7 /* HomeVC.xib in Resources */,
				76A3EF5D286381D500A1DED7 /* ProductsVC.xib in Resources */,
				76A3EF28286353F700A1DED7 /* ProductCell.xib in Resources */,
				76A3EF522863551100A1DED7 /* AdCell.xib in Resources */,
				76A3EF312863542500A1DED7 /* MainCategoryCell.xib in Resources */,
			);
			runOnlyForDeploymentPostprocessing = 0;
		};
/* End PBXResourcesBuildPhase section */

/* Begin PBXShellScriptBuildPhase section */
		18CCD540D9E829731941DC01 /* [CP] Embed Pods Frameworks */ = {
			isa = PBXShellScriptBuildPhase;
			buildActionMask = 2147483647;
			files = (
			);
			inputFileListPaths = (
				"${PODS_ROOT}/Target Support Files/Pods-Shopify/Pods-Shopify-frameworks-${CONFIGURATION}-input-files.xcfilelist",
			);
			name = "[CP] Embed Pods Frameworks";
			outputFileListPaths = (
				"${PODS_ROOT}/Target Support Files/Pods-Shopify/Pods-Shopify-frameworks-${CONFIGURATION}-output-files.xcfilelist",
			);
			runOnlyForDeploymentPostprocessing = 0;
			shellPath = /bin/sh;
			shellScript = "\"${PODS_ROOT}/Target Support Files/Pods-Shopify/Pods-Shopify-frameworks.sh\"\n";
			showEnvVarsInLog = 0;
		};
		4A9FD0C7AEA4722F7E805A04 /* [CP] Check Pods Manifest.lock */ = {
			isa = PBXShellScriptBuildPhase;
			buildActionMask = 2147483647;
			files = (
			);
			inputFileListPaths = (
			);
			inputPaths = (
				"${PODS_PODFILE_DIR_PATH}/Podfile.lock",
				"${PODS_ROOT}/Manifest.lock",
			);
			name = "[CP] Check Pods Manifest.lock";
			outputFileListPaths = (
			);
			outputPaths = (
				"$(DERIVED_FILE_DIR)/Pods-Shopify-checkManifestLockResult.txt",
			);
			runOnlyForDeploymentPostprocessing = 0;
			shellPath = /bin/sh;
			shellScript = "diff \"${PODS_PODFILE_DIR_PATH}/Podfile.lock\" \"${PODS_ROOT}/Manifest.lock\" > /dev/null\nif [ $? != 0 ] ; then\n    # print error to STDERR\n    echo \"error: The sandbox is not in sync with the Podfile.lock. Run 'pod install' or update your CocoaPods installation.\" >&2\n    exit 1\nfi\n# This output is used by Xcode 'outputs' to avoid re-running this script phase.\necho \"SUCCESS\" > \"${SCRIPT_OUTPUT_FILE_0}\"\n";
			showEnvVarsInLog = 0;
		};
		4AFFAD3406D6F3CBDD7781DA /* [CP] Embed Pods Frameworks */ = {
			isa = PBXShellScriptBuildPhase;
			buildActionMask = 2147483647;
			files = (
			);
			inputFileListPaths = (
				"${PODS_ROOT}/Target Support Files/Pods-Shopify-ShopifyUITests/Pods-Shopify-ShopifyUITests-frameworks-${CONFIGURATION}-input-files.xcfilelist",
			);
			name = "[CP] Embed Pods Frameworks";
			outputFileListPaths = (
				"${PODS_ROOT}/Target Support Files/Pods-Shopify-ShopifyUITests/Pods-Shopify-ShopifyUITests-frameworks-${CONFIGURATION}-output-files.xcfilelist",
			);
			runOnlyForDeploymentPostprocessing = 0;
			shellPath = /bin/sh;
			shellScript = "\"${PODS_ROOT}/Target Support Files/Pods-Shopify-ShopifyUITests/Pods-Shopify-ShopifyUITests-frameworks.sh\"\n";
			showEnvVarsInLog = 0;
		};
		5053FA9F18C34841F62BA4C7 /* [CP] Check Pods Manifest.lock */ = {
			isa = PBXShellScriptBuildPhase;
			buildActionMask = 2147483647;
			files = (
			);
			inputFileListPaths = (
			);
			inputPaths = (
				"${PODS_PODFILE_DIR_PATH}/Podfile.lock",
				"${PODS_ROOT}/Manifest.lock",
			);
			name = "[CP] Check Pods Manifest.lock";
			outputFileListPaths = (
			);
			outputPaths = (
				"$(DERIVED_FILE_DIR)/Pods-ShopifyTests-checkManifestLockResult.txt",
			);
			runOnlyForDeploymentPostprocessing = 0;
			shellPath = /bin/sh;
			shellScript = "diff \"${PODS_PODFILE_DIR_PATH}/Podfile.lock\" \"${PODS_ROOT}/Manifest.lock\" > /dev/null\nif [ $? != 0 ] ; then\n    # print error to STDERR\n    echo \"error: The sandbox is not in sync with the Podfile.lock. Run 'pod install' or update your CocoaPods installation.\" >&2\n    exit 1\nfi\n# This output is used by Xcode 'outputs' to avoid re-running this script phase.\necho \"SUCCESS\" > \"${SCRIPT_OUTPUT_FILE_0}\"\n";
			showEnvVarsInLog = 0;
		};
		E9475F655CDFDBFE92BFC86B /* [CP] Check Pods Manifest.lock */ = {
			isa = PBXShellScriptBuildPhase;
			buildActionMask = 2147483647;
			files = (
			);
			inputFileListPaths = (
			);
			inputPaths = (
				"${PODS_PODFILE_DIR_PATH}/Podfile.lock",
				"${PODS_ROOT}/Manifest.lock",
			);
			name = "[CP] Check Pods Manifest.lock";
			outputFileListPaths = (
			);
			outputPaths = (
				"$(DERIVED_FILE_DIR)/Pods-Shopify-ShopifyUITests-checkManifestLockResult.txt",
			);
			runOnlyForDeploymentPostprocessing = 0;
			shellPath = /bin/sh;
			shellScript = "diff \"${PODS_PODFILE_DIR_PATH}/Podfile.lock\" \"${PODS_ROOT}/Manifest.lock\" > /dev/null\nif [ $? != 0 ] ; then\n    # print error to STDERR\n    echo \"error: The sandbox is not in sync with the Podfile.lock. Run 'pod install' or update your CocoaPods installation.\" >&2\n    exit 1\nfi\n# This output is used by Xcode 'outputs' to avoid re-running this script phase.\necho \"SUCCESS\" > \"${SCRIPT_OUTPUT_FILE_0}\"\n";
			showEnvVarsInLog = 0;
		};
/* End PBXShellScriptBuildPhase section */

/* Begin PBXSourcesBuildPhase section */
		755C464B285E38F0005C4208 /* Sources */ = {
			isa = PBXSourcesBuildPhase;
			buildActionMask = 2147483647;
			files = (
				76A3EF652865A02E00A1DED7 /* CategoryVM.swift in Sources */,
				76A3EF21286353D400A1DED7 /* CategoryVC.swift in Sources */,
				76A3EF5428636A3B00A1DED7 /* Brands.swift in Sources */,
				76A3EF452863550600A1DED7 /* BrandCell.swift in Sources */,
				8D6CC596286B966700310313 /* AddAddressVM.swift in Sources */,
				7576E22728633E7900022E69 /* LoginRegisterVM.swift in Sources */,
				75378E56285E4F16004DAD3D /* BaseNavBar.swift in Sources */,
				8D6CC594286B914500310313 /* Address.swift in Sources */,
				8DAF4FB32864522F004DB212 /* CheckOutVM.swift in Sources */,
				757DA7782865D41800CEBE56 /* MeVM.swift in Sources */,
				75165920285FE1C200132444 /* HomeVM.swift in Sources */,
				8DFCF05D2862AF29007D30A0 /* UITextField.swift in Sources */,
				8D9663192865DB86006188C9 /* ShoppingCartVM.swift in Sources */,
				8D6CC58D286B8ACF00310313 /* AddressVM.swift in Sources */,
				755C4653285E38F0005C4208 /* AppDelegate.swift in Sources */,
				8DE8715F28614C8200D239CF /* ShoppingCartCell.swift in Sources */,
				76A3EF632863ED6600A1DED7 /* ProductsVM.swift in Sources */,
				759B531828627E790061474E /* ReviewsTableViewCell.swift in Sources */,
				75FE229A2861F6650071039C /* ProductDetails.swift in Sources */,
				7524F76C285FDE6600BFBE51 /* SplashScreenVC.swift in Sources */,
				8D6CC57B286B51ED00310313 /* SettingVC.swift in Sources */,
				76A3EF692867287A00A1DED7 /* Collects.swift in Sources */,
				76A3EF29286353F700A1DED7 /* ProductCell.swift in Sources */,
				8D6CC590286B8D4B00310313 /* addressCell.swift in Sources */,
				8DAF4FB128645093004DB212 /* DiscountCodes.swift in Sources */,
				75165924285FEBA000132444 /* DataProviderProtocol.swift in Sources */,
				755C4691285E4706005C4208 /* BaseTabBar.swift in Sources */,
				76A3EF4D2863551100A1DED7 /* AdCell.swift in Sources */,
				7527962E2861106C00381C89 /* ProductDetailsVC.swift in Sources */,
				7593F00328623A8C000BF315 /* MeVC.swift in Sources */,
				8D9854F12866E354004FF7F8 /* CoreDataProduct.swift in Sources */,
				755C4655285E38F0005C4208 /* SceneDelegate.swift in Sources */,
				8D75C25D28648EA600ADC31A /* Alerts.swift in Sources */,
				755C468E285E39A4005C4208 /* API.swift in Sources */,
				7527963328612B1600381C89 /* ImageCollectionViewCell.swift in Sources */,
				8DE8716228614F4D00D239CF /* UIButton.swift in Sources */,
				75FE22982861F0270071039C /* ProductDetailsVM.swift in Sources */,
				8D6CC585286B7E8700310313 /* AddAddressVC.swift in Sources */,
				76A3EF58286381D500A1DED7 /* ProductsVC.swift in Sources */,
				8D6CC58A286B866300310313 /* AddressVC.swift in Sources */,
				76A3EF322863542500A1DED7 /* MainCategoryCell.swift in Sources */,
				7593F0082862503D000BF315 /* LabelTableViewCell.swift in Sources */,
				76A3EF672865EA1D00A1DED7 /* Categories.swift in Sources */,
				75FE229C2861FD160071039C /* Constants.swift in Sources */,
				7576E22928634E0900022E69 /* Customer.swift in Sources */,
				8DE87157286147FD00D239CF /* ShoppingCartVC.swift in Sources */,
				752796292860E68600381C89 /* HomeVC.swift in Sources */,
				76A3EF372863543100A1DED7 /* SubCategoryCell.swift in Sources */,
				8DFCF0552862AEEF007D30A0 /* CheckoutVC.swift in Sources */,
				7576E2242862B63900022E69 /* LoginRegisterVC.swift in Sources */,
				76A3EF162863531F00A1DED7 /* Observable.swift in Sources */,
				755C468D285E39A4005C4208 /* CoreData.swift in Sources */,
				759B531428627E1B0061474E /* ReviewsVC.swift in Sources */,
				8D9854F42866E844004FF7F8 /* ShopifyCoreData.xcdatamodeld in Sources */,
				8D6CC580286B52D100310313 /* SettingCell.swift in Sources */,
				7524F769285FDE4B00BFBE51 /* Helper.swift in Sources */,
				8DFCF05A2862AF0C007D30A0 /* PaymentMethodCell.swift in Sources */,
			);
			runOnlyForDeploymentPostprocessing = 0;
		};
		755C4664285E38F2005C4208 /* Sources */ = {
			isa = PBXSourcesBuildPhase;
			buildActionMask = 2147483647;
			files = (
				76A3EF22286353D400A1DED7 /* CategoryVC.swift in Sources */,
				76A3EF332863542500A1DED7 /* MainCategoryCell.swift in Sources */,
				76A3EF2A286353F700A1DED7 /* ProductCell.swift in Sources */,
				76A3EF172863531F00A1DED7 /* Observable.swift in Sources */,
				76A3EF4E2863551100A1DED7 /* AdCell.swift in Sources */,
				76A3EF382863543100A1DED7 /* SubCategoryCell.swift in Sources */,
				76A3EF462863550600A1DED7 /* BrandCell.swift in Sources */,
				755C466D285E38F2005C4208 /* ShopifyTests.swift in Sources */,
				76A3EF59286381D500A1DED7 /* ProductsVC.swift in Sources */,
			);
			runOnlyForDeploymentPostprocessing = 0;
		};
		755C466E285E38F2005C4208 /* Sources */ = {
			isa = PBXSourcesBuildPhase;
			buildActionMask = 2147483647;
			files = (
				76A3EF5A286381D500A1DED7 /* ProductsVC.swift in Sources */,
				76A3EF4F2863551100A1DED7 /* AdCell.swift in Sources */,
				755C4677285E38F2005C4208 /* ShopifyUITests.swift in Sources */,
				76A3EF472863550600A1DED7 /* BrandCell.swift in Sources */,
				76A3EF392863543100A1DED7 /* SubCategoryCell.swift in Sources */,
				76A3EF182863531F00A1DED7 /* Observable.swift in Sources */,
				76A3EF342863542500A1DED7 /* MainCategoryCell.swift in Sources */,
				76A3EF2B286353F700A1DED7 /* ProductCell.swift in Sources */,
				76A3EF23286353D400A1DED7 /* CategoryVC.swift in Sources */,
				755C4679285E38F2005C4208 /* ShopifyUITestsLaunchTests.swift in Sources */,
			);
			runOnlyForDeploymentPostprocessing = 0;
		};
/* End PBXSourcesBuildPhase section */

/* Begin PBXTargetDependency section */
		755C466A285E38F2005C4208 /* PBXTargetDependency */ = {
			isa = PBXTargetDependency;
			target = 755C464E285E38F0005C4208 /* Shopify */;
			targetProxy = 755C4669285E38F2005C4208 /* PBXContainerItemProxy */;
		};
		755C4674285E38F2005C4208 /* PBXTargetDependency */ = {
			isa = PBXTargetDependency;
			target = 755C464E285E38F0005C4208 /* Shopify */;
			targetProxy = 755C4673285E38F2005C4208 /* PBXContainerItemProxy */;
		};
/* End PBXTargetDependency section */

/* Begin PBXVariantGroup section */
		755C4660285E38F2005C4208 /* LaunchScreen.storyboard */ = {
			isa = PBXVariantGroup;
			children = (
				755C4661285E38F2005C4208 /* Base */,
			);
			name = LaunchScreen.storyboard;
			sourceTree = "<group>";
		};
/* End PBXVariantGroup section */

/* Begin XCBuildConfiguration section */
		755C467A285E38F2005C4208 /* Debug */ = {
			isa = XCBuildConfiguration;
			buildSettings = {
				ALWAYS_SEARCH_USER_PATHS = NO;
				CLANG_ANALYZER_NONNULL = YES;
				CLANG_ANALYZER_NUMBER_OBJECT_CONVERSION = YES_AGGRESSIVE;
				CLANG_CXX_LANGUAGE_STANDARD = "gnu++17";
				CLANG_CXX_LIBRARY = "libc++";
				CLANG_ENABLE_MODULES = YES;
				CLANG_ENABLE_OBJC_ARC = YES;
				CLANG_ENABLE_OBJC_WEAK = YES;
				CLANG_WARN_BLOCK_CAPTURE_AUTORELEASING = YES;
				CLANG_WARN_BOOL_CONVERSION = YES;
				CLANG_WARN_COMMA = YES;
				CLANG_WARN_CONSTANT_CONVERSION = YES;
				CLANG_WARN_DEPRECATED_OBJC_IMPLEMENTATIONS = YES;
				CLANG_WARN_DIRECT_OBJC_ISA_USAGE = YES_ERROR;
				CLANG_WARN_DOCUMENTATION_COMMENTS = YES;
				CLANG_WARN_EMPTY_BODY = YES;
				CLANG_WARN_ENUM_CONVERSION = YES;
				CLANG_WARN_INFINITE_RECURSION = YES;
				CLANG_WARN_INT_CONVERSION = YES;
				CLANG_WARN_NON_LITERAL_NULL_CONVERSION = YES;
				CLANG_WARN_OBJC_IMPLICIT_RETAIN_SELF = YES;
				CLANG_WARN_OBJC_LITERAL_CONVERSION = YES;
				CLANG_WARN_OBJC_ROOT_CLASS = YES_ERROR;
				CLANG_WARN_QUOTED_INCLUDE_IN_FRAMEWORK_HEADER = YES;
				CLANG_WARN_RANGE_LOOP_ANALYSIS = YES;
				CLANG_WARN_STRICT_PROTOTYPES = YES;
				CLANG_WARN_SUSPICIOUS_MOVE = YES;
				CLANG_WARN_UNGUARDED_AVAILABILITY = YES_AGGRESSIVE;
				CLANG_WARN_UNREACHABLE_CODE = YES;
				CLANG_WARN__DUPLICATE_METHOD_MATCH = YES;
				COPY_PHASE_STRIP = NO;
				DEBUG_INFORMATION_FORMAT = dwarf;
				ENABLE_STRICT_OBJC_MSGSEND = YES;
				ENABLE_TESTABILITY = YES;
				GCC_C_LANGUAGE_STANDARD = gnu11;
				GCC_DYNAMIC_NO_PIC = NO;
				GCC_NO_COMMON_BLOCKS = YES;
				GCC_OPTIMIZATION_LEVEL = 0;
				GCC_PREPROCESSOR_DEFINITIONS = (
					"DEBUG=1",
					"$(inherited)",
				);
				GCC_WARN_64_TO_32_BIT_CONVERSION = YES;
				GCC_WARN_ABOUT_RETURN_TYPE = YES_ERROR;
				GCC_WARN_UNDECLARED_SELECTOR = YES;
				GCC_WARN_UNINITIALIZED_AUTOS = YES_AGGRESSIVE;
				GCC_WARN_UNUSED_FUNCTION = YES;
				GCC_WARN_UNUSED_VARIABLE = YES;
				IPHONEOS_DEPLOYMENT_TARGET = 15.0;
				MTL_ENABLE_DEBUG_INFO = INCLUDE_SOURCE;
				MTL_FAST_MATH = YES;
				ONLY_ACTIVE_ARCH = YES;
				SDKROOT = iphoneos;
				SWIFT_ACTIVE_COMPILATION_CONDITIONS = DEBUG;
				SWIFT_OPTIMIZATION_LEVEL = "-Onone";
			};
			name = Debug;
		};
		755C467B285E38F2005C4208 /* Release */ = {
			isa = XCBuildConfiguration;
			buildSettings = {
				ALWAYS_SEARCH_USER_PATHS = NO;
				CLANG_ANALYZER_NONNULL = YES;
				CLANG_ANALYZER_NUMBER_OBJECT_CONVERSION = YES_AGGRESSIVE;
				CLANG_CXX_LANGUAGE_STANDARD = "gnu++17";
				CLANG_CXX_LIBRARY = "libc++";
				CLANG_ENABLE_MODULES = YES;
				CLANG_ENABLE_OBJC_ARC = YES;
				CLANG_ENABLE_OBJC_WEAK = YES;
				CLANG_WARN_BLOCK_CAPTURE_AUTORELEASING = YES;
				CLANG_WARN_BOOL_CONVERSION = YES;
				CLANG_WARN_COMMA = YES;
				CLANG_WARN_CONSTANT_CONVERSION = YES;
				CLANG_WARN_DEPRECATED_OBJC_IMPLEMENTATIONS = YES;
				CLANG_WARN_DIRECT_OBJC_ISA_USAGE = YES_ERROR;
				CLANG_WARN_DOCUMENTATION_COMMENTS = YES;
				CLANG_WARN_EMPTY_BODY = YES;
				CLANG_WARN_ENUM_CONVERSION = YES;
				CLANG_WARN_INFINITE_RECURSION = YES;
				CLANG_WARN_INT_CONVERSION = YES;
				CLANG_WARN_NON_LITERAL_NULL_CONVERSION = YES;
				CLANG_WARN_OBJC_IMPLICIT_RETAIN_SELF = YES;
				CLANG_WARN_OBJC_LITERAL_CONVERSION = YES;
				CLANG_WARN_OBJC_ROOT_CLASS = YES_ERROR;
				CLANG_WARN_QUOTED_INCLUDE_IN_FRAMEWORK_HEADER = YES;
				CLANG_WARN_RANGE_LOOP_ANALYSIS = YES;
				CLANG_WARN_STRICT_PROTOTYPES = YES;
				CLANG_WARN_SUSPICIOUS_MOVE = YES;
				CLANG_WARN_UNGUARDED_AVAILABILITY = YES_AGGRESSIVE;
				CLANG_WARN_UNREACHABLE_CODE = YES;
				CLANG_WARN__DUPLICATE_METHOD_MATCH = YES;
				COPY_PHASE_STRIP = NO;
				DEBUG_INFORMATION_FORMAT = "dwarf-with-dsym";
				ENABLE_NS_ASSERTIONS = NO;
				ENABLE_STRICT_OBJC_MSGSEND = YES;
				GCC_C_LANGUAGE_STANDARD = gnu11;
				GCC_NO_COMMON_BLOCKS = YES;
				GCC_WARN_64_TO_32_BIT_CONVERSION = YES;
				GCC_WARN_ABOUT_RETURN_TYPE = YES_ERROR;
				GCC_WARN_UNDECLARED_SELECTOR = YES;
				GCC_WARN_UNINITIALIZED_AUTOS = YES_AGGRESSIVE;
				GCC_WARN_UNUSED_FUNCTION = YES;
				GCC_WARN_UNUSED_VARIABLE = YES;
				IPHONEOS_DEPLOYMENT_TARGET = 15.0;
				MTL_ENABLE_DEBUG_INFO = NO;
				MTL_FAST_MATH = YES;
				SDKROOT = iphoneos;
				SWIFT_COMPILATION_MODE = wholemodule;
				SWIFT_OPTIMIZATION_LEVEL = "-O";
				VALIDATE_PRODUCT = YES;
			};
			name = Release;
		};
		755C467D285E38F2005C4208 /* Debug */ = {
			isa = XCBuildConfiguration;
			baseConfigurationReference = BEFF1774B64A4A0B5CA5921E /* Pods-Shopify.debug.xcconfig */;
			buildSettings = {
				ASSETCATALOG_COMPILER_APPICON_NAME = AppIcon;
				ASSETCATALOG_COMPILER_GLOBAL_ACCENT_COLOR_NAME = AccentColor;
				CODE_SIGN_STYLE = Automatic;
				CURRENT_PROJECT_VERSION = 1;
				DEVELOPMENT_TEAM = 25S8CB9726;
				GENERATE_INFOPLIST_FILE = YES;
				INFOPLIST_FILE = Shopify/Info.plist;
				INFOPLIST_KEY_UIApplicationSupportsIndirectInputEvents = YES;
				INFOPLIST_KEY_UILaunchStoryboardName = LaunchScreen;
				INFOPLIST_KEY_UISupportedInterfaceOrientations = "";
				INFOPLIST_KEY_UISupportedInterfaceOrientations_iPad = "UIInterfaceOrientationPortrait UIInterfaceOrientationPortraitUpsideDown UIInterfaceOrientationLandscapeLeft UIInterfaceOrientationLandscapeRight";
				INFOPLIST_KEY_UISupportedInterfaceOrientations_iPhone = "UIInterfaceOrientationPortrait UIInterfaceOrientationLandscapeLeft UIInterfaceOrientationLandscapeRight";
				LD_RUNPATH_SEARCH_PATHS = (
					"$(inherited)",
					"@executable_path/Frameworks",
				);
				MARKETING_VERSION = 1.0;
				PRODUCT_BUNDLE_IDENTIFIER = nader.said.tawah.Shopify;
				PRODUCT_NAME = "$(TARGET_NAME)";
				SWIFT_EMIT_LOC_STRINGS = YES;
				SWIFT_VERSION = 5.0;
				TARGETED_DEVICE_FAMILY = "1,2";
			};
			name = Debug;
		};
		755C467E285E38F2005C4208 /* Release */ = {
			isa = XCBuildConfiguration;
			baseConfigurationReference = DA5AE895D0AE7082D455554C /* Pods-Shopify.release.xcconfig */;
			buildSettings = {
				ASSETCATALOG_COMPILER_APPICON_NAME = AppIcon;
				ASSETCATALOG_COMPILER_GLOBAL_ACCENT_COLOR_NAME = AccentColor;
				CODE_SIGN_STYLE = Automatic;
				CURRENT_PROJECT_VERSION = 1;
				DEVELOPMENT_TEAM = 25S8CB9726;
				GENERATE_INFOPLIST_FILE = YES;
				INFOPLIST_FILE = Shopify/Info.plist;
				INFOPLIST_KEY_UIApplicationSupportsIndirectInputEvents = YES;
				INFOPLIST_KEY_UILaunchStoryboardName = LaunchScreen;
				INFOPLIST_KEY_UISupportedInterfaceOrientations = "";
				INFOPLIST_KEY_UISupportedInterfaceOrientations_iPad = "UIInterfaceOrientationPortrait UIInterfaceOrientationPortraitUpsideDown UIInterfaceOrientationLandscapeLeft UIInterfaceOrientationLandscapeRight";
				INFOPLIST_KEY_UISupportedInterfaceOrientations_iPhone = "UIInterfaceOrientationPortrait UIInterfaceOrientationLandscapeLeft UIInterfaceOrientationLandscapeRight";
				LD_RUNPATH_SEARCH_PATHS = (
					"$(inherited)",
					"@executable_path/Frameworks",
				);
				MARKETING_VERSION = 1.0;
				PRODUCT_BUNDLE_IDENTIFIER = nader.said.tawah.Shopify;
				PRODUCT_NAME = "$(TARGET_NAME)";
				SWIFT_EMIT_LOC_STRINGS = YES;
				SWIFT_VERSION = 5.0;
				TARGETED_DEVICE_FAMILY = "1,2";
			};
			name = Release;
		};
		755C4680285E38F2005C4208 /* Debug */ = {
			isa = XCBuildConfiguration;
			baseConfigurationReference = 99F911BEE75DB031FF952520 /* Pods-ShopifyTests.debug.xcconfig */;
			buildSettings = {
				ALWAYS_EMBED_SWIFT_STANDARD_LIBRARIES = YES;
				BUNDLE_LOADER = "$(TEST_HOST)";
				CODE_SIGN_STYLE = Automatic;
				CURRENT_PROJECT_VERSION = 1;
				DEVELOPMENT_TEAM = 25S8CB9726;
				GENERATE_INFOPLIST_FILE = YES;
				IPHONEOS_DEPLOYMENT_TARGET = 15.0;
				LD_RUNPATH_SEARCH_PATHS = (
					"$(inherited)",
					"@executable_path/Frameworks",
					"@loader_path/Frameworks",
				);
				MARKETING_VERSION = 1.0;
				PRODUCT_BUNDLE_IDENTIFIER = nader.said.tawah.ShopifyTests;
				PRODUCT_NAME = "$(TARGET_NAME)";
				SWIFT_EMIT_LOC_STRINGS = NO;
				SWIFT_VERSION = 5.0;
				TARGETED_DEVICE_FAMILY = "1,2";
				TEST_HOST = "$(BUILT_PRODUCTS_DIR)/Shopify.app/Shopify";
			};
			name = Debug;
		};
		755C4681285E38F2005C4208 /* Release */ = {
			isa = XCBuildConfiguration;
			baseConfigurationReference = F1C4778E8DC2B1AC9E28C699 /* Pods-ShopifyTests.release.xcconfig */;
			buildSettings = {
				ALWAYS_EMBED_SWIFT_STANDARD_LIBRARIES = YES;
				BUNDLE_LOADER = "$(TEST_HOST)";
				CODE_SIGN_STYLE = Automatic;
				CURRENT_PROJECT_VERSION = 1;
				DEVELOPMENT_TEAM = 25S8CB9726;
				GENERATE_INFOPLIST_FILE = YES;
				IPHONEOS_DEPLOYMENT_TARGET = 15.0;
				LD_RUNPATH_SEARCH_PATHS = (
					"$(inherited)",
					"@executable_path/Frameworks",
					"@loader_path/Frameworks",
				);
				MARKETING_VERSION = 1.0;
				PRODUCT_BUNDLE_IDENTIFIER = nader.said.tawah.ShopifyTests;
				PRODUCT_NAME = "$(TARGET_NAME)";
				SWIFT_EMIT_LOC_STRINGS = NO;
				SWIFT_VERSION = 5.0;
				TARGETED_DEVICE_FAMILY = "1,2";
				TEST_HOST = "$(BUILT_PRODUCTS_DIR)/Shopify.app/Shopify";
			};
			name = Release;
		};
		755C4683285E38F2005C4208 /* Debug */ = {
			isa = XCBuildConfiguration;
			baseConfigurationReference = CC33050E9B5BAC8197CDEB78 /* Pods-Shopify-ShopifyUITests.debug.xcconfig */;
			buildSettings = {
				ALWAYS_EMBED_SWIFT_STANDARD_LIBRARIES = YES;
				CODE_SIGN_STYLE = Automatic;
				CURRENT_PROJECT_VERSION = 1;
				DEVELOPMENT_TEAM = 25S8CB9726;
				GENERATE_INFOPLIST_FILE = YES;
				LD_RUNPATH_SEARCH_PATHS = (
					"$(inherited)",
					"@executable_path/Frameworks",
					"@loader_path/Frameworks",
				);
				MARKETING_VERSION = 1.0;
				PRODUCT_BUNDLE_IDENTIFIER = nader.said.tawah.ShopifyUITests;
				PRODUCT_NAME = "$(TARGET_NAME)";
				SWIFT_EMIT_LOC_STRINGS = NO;
				SWIFT_VERSION = 5.0;
				TARGETED_DEVICE_FAMILY = "1,2";
				TEST_TARGET_NAME = Shopify;
			};
			name = Debug;
		};
		755C4684285E38F2005C4208 /* Release */ = {
			isa = XCBuildConfiguration;
			baseConfigurationReference = 58FFC02BFBC947E06CBA94DA /* Pods-Shopify-ShopifyUITests.release.xcconfig */;
			buildSettings = {
				ALWAYS_EMBED_SWIFT_STANDARD_LIBRARIES = YES;
				CODE_SIGN_STYLE = Automatic;
				CURRENT_PROJECT_VERSION = 1;
				DEVELOPMENT_TEAM = 25S8CB9726;
				GENERATE_INFOPLIST_FILE = YES;
				LD_RUNPATH_SEARCH_PATHS = (
					"$(inherited)",
					"@executable_path/Frameworks",
					"@loader_path/Frameworks",
				);
				MARKETING_VERSION = 1.0;
				PRODUCT_BUNDLE_IDENTIFIER = nader.said.tawah.ShopifyUITests;
				PRODUCT_NAME = "$(TARGET_NAME)";
				SWIFT_EMIT_LOC_STRINGS = NO;
				SWIFT_VERSION = 5.0;
				TARGETED_DEVICE_FAMILY = "1,2";
				TEST_TARGET_NAME = Shopify;
			};
			name = Release;
		};
/* End XCBuildConfiguration section */

/* Begin XCConfigurationList section */
		755C464A285E38F0005C4208 /* Build configuration list for PBXProject "Shopify" */ = {
			isa = XCConfigurationList;
			buildConfigurations = (
				755C467A285E38F2005C4208 /* Debug */,
				755C467B285E38F2005C4208 /* Release */,
			);
			defaultConfigurationIsVisible = 0;
			defaultConfigurationName = Release;
		};
		755C467C285E38F2005C4208 /* Build configuration list for PBXNativeTarget "Shopify" */ = {
			isa = XCConfigurationList;
			buildConfigurations = (
				755C467D285E38F2005C4208 /* Debug */,
				755C467E285E38F2005C4208 /* Release */,
			);
			defaultConfigurationIsVisible = 0;
			defaultConfigurationName = Release;
		};
		755C467F285E38F2005C4208 /* Build configuration list for PBXNativeTarget "ShopifyTests" */ = {
			isa = XCConfigurationList;
			buildConfigurations = (
				755C4680285E38F2005C4208 /* Debug */,
				755C4681285E38F2005C4208 /* Release */,
			);
			defaultConfigurationIsVisible = 0;
			defaultConfigurationName = Release;
		};
		755C4682285E38F2005C4208 /* Build configuration list for PBXNativeTarget "ShopifyUITests" */ = {
			isa = XCConfigurationList;
			buildConfigurations = (
				755C4683285E38F2005C4208 /* Debug */,
				755C4684285E38F2005C4208 /* Release */,
			);
			defaultConfigurationIsVisible = 0;
			defaultConfigurationName = Release;
		};
/* End XCConfigurationList section */

/* Begin XCVersionGroup section */
		8D9854F22866E844004FF7F8 /* ShopifyCoreData.xcdatamodeld */ = {
			isa = XCVersionGroup;
			children = (
				8D9854F32866E844004FF7F8 /* ShopifyCoreData.xcdatamodel */,
			);
			currentVersion = 8D9854F32866E844004FF7F8 /* ShopifyCoreData.xcdatamodel */;
			path = ShopifyCoreData.xcdatamodeld;
			sourceTree = "<group>";
			versionGroupType = wrapper.xcdatamodel;
		};
/* End XCVersionGroup section */
	};
	rootObject = 755C4647285E38F0005C4208 /* Project object */;
}
